// !$*UTF8*$!
{
	archiveVersion = 1;
	classes = {
	};
	objectVersion = 56;
	objects = {

/* Begin PBXBuildFile section */
		C47CE87E2A5F0E2C00E43E63 /* AppDelegate.swift in Sources */ = {isa = PBXBuildFile; fileRef = C47CE87D2A5F0E2C00E43E63 /* AppDelegate.swift */; };
		C47CE8802A5F0E2C00E43E63 /* SceneDelegate.swift in Sources */ = {isa = PBXBuildFile; fileRef = C47CE87F2A5F0E2C00E43E63 /* SceneDelegate.swift */; };
		C47CE8872A5F0E2E00E43E63 /* Assets.xcassets in Resources */ = {isa = PBXBuildFile; fileRef = C47CE8862A5F0E2E00E43E63 /* Assets.xcassets */; };
		C47CE88A2A5F0E2E00E43E63 /* LaunchScreen.storyboard in Resources */ = {isa = PBXBuildFile; fileRef = C47CE8882A5F0E2E00E43E63 /* LaunchScreen.storyboard */; };
		C47CE8972A5F127A00E43E63 /* CoordinatorProtocol.swift in Sources */ = {isa = PBXBuildFile; fileRef = C47CE8962A5F127A00E43E63 /* CoordinatorProtocol.swift */; };
		C47CE89A2A5F130600E43E63 /* AppCoordinator.swift in Sources */ = {isa = PBXBuildFile; fileRef = C47CE8992A5F130600E43E63 /* AppCoordinator.swift */; };
		C4CBDD882A6578D1001D1F4E /* AppFactory.swift in Sources */ = {isa = PBXBuildFile; fileRef = C4CBDD872A6578D1001D1F4E /* AppFactory.swift */; };
		C4CBDD8B2A65794E001D1F4E /* Auth.swift in Sources */ = {isa = PBXBuildFile; fileRef = C4CBDD8A2A65794E001D1F4E /* Auth.swift */; };
		C4CBDD8E2A657C27001D1F4E /* AppDIContainer.swift in Sources */ = {isa = PBXBuildFile; fileRef = C4CBDD8D2A657C27001D1F4E /* AppDIContainer.swift */; };
/* End PBXBuildFile section */

/* Begin PBXFileReference section */
		C47CE87A2A5F0E2C00E43E63 /* TabBarCoordinatorExample.app */ = {isa = PBXFileReference; explicitFileType = wrapper.application; includeInIndex = 0; path = TabBarCoordinatorExample.app; sourceTree = BUILT_PRODUCTS_DIR; };
		C47CE87D2A5F0E2C00E43E63 /* AppDelegate.swift */ = {isa = PBXFileReference; lastKnownFileType = sourcecode.swift; path = AppDelegate.swift; sourceTree = "<group>"; };
		C47CE87F2A5F0E2C00E43E63 /* SceneDelegate.swift */ = {isa = PBXFileReference; lastKnownFileType = sourcecode.swift; path = SceneDelegate.swift; sourceTree = "<group>"; };
		C47CE8862A5F0E2E00E43E63 /* Assets.xcassets */ = {isa = PBXFileReference; lastKnownFileType = folder.assetcatalog; path = Assets.xcassets; sourceTree = "<group>"; };
		C47CE8892A5F0E2E00E43E63 /* Base */ = {isa = PBXFileReference; lastKnownFileType = file.storyboard; name = Base; path = Base.lproj/LaunchScreen.storyboard; sourceTree = "<group>"; };
		C47CE88B2A5F0E2E00E43E63 /* Info.plist */ = {isa = PBXFileReference; lastKnownFileType = text.plist.xml; path = Info.plist; sourceTree = "<group>"; };
		C47CE8962A5F127A00E43E63 /* CoordinatorProtocol.swift */ = {isa = PBXFileReference; lastKnownFileType = sourcecode.swift; path = CoordinatorProtocol.swift; sourceTree = "<group>"; };
		C47CE8992A5F130600E43E63 /* AppCoordinator.swift */ = {isa = PBXFileReference; lastKnownFileType = sourcecode.swift; path = AppCoordinator.swift; sourceTree = "<group>"; };
		C4CBDD872A6578D1001D1F4E /* AppFactory.swift */ = {isa = PBXFileReference; lastKnownFileType = sourcecode.swift; path = AppFactory.swift; sourceTree = "<group>"; };
		C4CBDD8A2A65794E001D1F4E /* Auth.swift */ = {isa = PBXFileReference; lastKnownFileType = sourcecode.swift; path = Auth.swift; sourceTree = "<group>"; };
		C4CBDD8D2A657C27001D1F4E /* AppDIContainer.swift */ = {isa = PBXFileReference; lastKnownFileType = sourcecode.swift; path = AppDIContainer.swift; sourceTree = "<group>"; };
/* End PBXFileReference section */

/* Begin PBXFrameworksBuildPhase section */
		C47CE8772A5F0E2C00E43E63 /* Frameworks */ = {
			isa = PBXFrameworksBuildPhase;
			buildActionMask = 2147483647;
			files = (
			);
			runOnlyForDeploymentPostprocessing = 0;
		};
/* End PBXFrameworksBuildPhase section */

/* Begin PBXGroup section */
		C47CE8712A5F0E2C00E43E63 = {
			isa = PBXGroup;
			children = (
				C47CE87C2A5F0E2C00E43E63 /* TabBarCoordinatorExample */,
				C47CE87B2A5F0E2C00E43E63 /* Products */,
			);
			sourceTree = "<group>";
		};
		C47CE87B2A5F0E2C00E43E63 /* Products */ = {
			isa = PBXGroup;
			children = (
				C47CE87A2A5F0E2C00E43E63 /* TabBarCoordinatorExample.app */,
			);
			name = Products;
			sourceTree = "<group>";
		};
		C47CE87C2A5F0E2C00E43E63 /* TabBarCoordinatorExample */ = {
			isa = PBXGroup;
			children = (
				C47CE8932A5F11F000E43E63 /* Coordinators */,
				C4CBDD852A65789C001D1F4E /* Factories */,
				C4CBDD892A657942001D1F4E /* Auth */,
				C47CE8922A5F11E300E43E63 /* Controllers */,
				C47CE8912A5F11C000E43E63 /* Views */,
				C47CE8942A5F120800E43E63 /* Resource */,
				C47CE87F2A5F0E2C00E43E63 /* SceneDelegate.swift */,
				C47CE88B2A5F0E2E00E43E63 /* Info.plist */,
			);
			path = TabBarCoordinatorExample;
			sourceTree = "<group>";
		};
		C47CE8912A5F11C000E43E63 /* Views */ = {
			isa = PBXGroup;
			children = (
			);
			path = Views;
			sourceTree = "<group>";
		};
		C47CE8922A5F11E300E43E63 /* Controllers */ = {
			isa = PBXGroup;
			children = (
			);
			path = Controllers;
			sourceTree = "<group>";
		};
		C47CE8932A5F11F000E43E63 /* Coordinators */ = {
			isa = PBXGroup;
			children = (
				C47CE89B2A5F135D00E43E63 /* CoordinatorProtocol */,
				C47CE8952A5F124900E43E63 /* AppCoordinator */,
			);
			path = Coordinators;
			sourceTree = "<group>";
		};
		C47CE8942A5F120800E43E63 /* Resource */ = {
			isa = PBXGroup;
			children = (
				C47CE87D2A5F0E2C00E43E63 /* AppDelegate.swift */,
				C47CE8862A5F0E2E00E43E63 /* Assets.xcassets */,
				C47CE8882A5F0E2E00E43E63 /* LaunchScreen.storyboard */,
			);
			path = Resource;
			sourceTree = "<group>";
		};
		C47CE8952A5F124900E43E63 /* AppCoordinator */ = {
			isa = PBXGroup;
			children = (
				C47CE8992A5F130600E43E63 /* AppCoordinator.swift */,
			);
			path = AppCoordinator;
			sourceTree = "<group>";
		};
		C47CE89B2A5F135D00E43E63 /* CoordinatorProtocol */ = {
			isa = PBXGroup;
			children = (
				C47CE8962A5F127A00E43E63 /* CoordinatorProtocol.swift */,
			);
			path = CoordinatorProtocol;
			sourceTree = "<group>";
		};
		C4CBDD852A65789C001D1F4E /* Factories */ = {
			isa = PBXGroup;
			children = (
				C4CBDD862A6578C7001D1F4E /* AppFactory */,
				C4CBDD8C2A657C0A001D1F4E /* DI */,
			);
			path = Factories;
			sourceTree = "<group>";
		};
		C4CBDD862A6578C7001D1F4E /* AppFactory */ = {
			isa = PBXGroup;
			children = (
				C4CBDD872A6578D1001D1F4E /* AppFactory.swift */,
			);
			path = AppFactory;
			sourceTree = "<group>";
		};
		C4CBDD892A657942001D1F4E /* Auth */ = {
			isa = PBXGroup;
			children = (
				C4CBDD8A2A65794E001D1F4E /* Auth.swift */,
			);
			path = Auth;
			sourceTree = "<group>";
		};
		C4CBDD8C2A657C0A001D1F4E /* DI */ = {
			isa = PBXGroup;
			children = (
				C4CBDD8D2A657C27001D1F4E /* AppDIContainer.swift */,
			);
			path = DI;
			sourceTree = "<group>";
		};
/* End PBXGroup section */

/* Begin PBXNativeTarget section */
		C47CE8792A5F0E2C00E43E63 /* TabBarCoordinatorExample */ = {
			isa = PBXNativeTarget;
			buildConfigurationList = C47CE88E2A5F0E2E00E43E63 /* Build configuration list for PBXNativeTarget "TabBarCoordinatorExample" */;
			buildPhases = (
				C47CE8762A5F0E2C00E43E63 /* Sources */,
				C47CE8772A5F0E2C00E43E63 /* Frameworks */,
				C47CE8782A5F0E2C00E43E63 /* Resources */,
			);
			buildRules = (
			);
			dependencies = (
			);
			name = TabBarCoordinatorExample;
			productName = TabBarCoordinatorExample;
			productReference = C47CE87A2A5F0E2C00E43E63 /* TabBarCoordinatorExample.app */;
			productType = "com.apple.product-type.application";
		};
/* End PBXNativeTarget section */

/* Begin PBXProject section */
		C47CE8722A5F0E2C00E43E63 /* Project object */ = {
			isa = PBXProject;
			attributes = {
				BuildIndependentTargetsInParallel = 1;
				LastSwiftUpdateCheck = 1430;
				LastUpgradeCheck = 1430;
				TargetAttributes = {
					C47CE8792A5F0E2C00E43E63 = {
						CreatedOnToolsVersion = 14.3.1;
					};
				};
			};
			buildConfigurationList = C47CE8752A5F0E2C00E43E63 /* Build configuration list for PBXProject "TabBarCoordinatorExample" */;
			compatibilityVersion = "Xcode 14.0";
			developmentRegion = en;
			hasScannedForEncodings = 0;
			knownRegions = (
				en,
				Base,
			);
			mainGroup = C47CE8712A5F0E2C00E43E63;
			productRefGroup = C47CE87B2A5F0E2C00E43E63 /* Products */;
			projectDirPath = "";
			projectRoot = "";
			targets = (
				C47CE8792A5F0E2C00E43E63 /* TabBarCoordinatorExample */,
			);
		};
/* End PBXProject section */

/* Begin PBXResourcesBuildPhase section */
		C47CE8782A5F0E2C00E43E63 /* Resources */ = {
			isa = PBXResourcesBuildPhase;
			buildActionMask = 2147483647;
			files = (
				C47CE88A2A5F0E2E00E43E63 /* LaunchScreen.storyboard in Resources */,
				C47CE8872A5F0E2E00E43E63 /* Assets.xcassets in Resources */,
			);
			runOnlyForDeploymentPostprocessing = 0;
		};
/* End PBXResourcesBuildPhase section */

/* Begin PBXSourcesBuildPhase section */
		C47CE8762A5F0E2C00E43E63 /* Sources */ = {
			isa = PBXSourcesBuildPhase;
			buildActionMask = 2147483647;
			files = (
				C4CBDD8E2A657C27001D1F4E /* AppDIContainer.swift in Sources */,
				C47CE89A2A5F130600E43E63 /* AppCoordinator.swift in Sources */,
				C4CBDD882A6578D1001D1F4E /* AppFactory.swift in Sources */,
				C47CE87E2A5F0E2C00E43E63 /* AppDelegate.swift in Sources */,
				C47CE8802A5F0E2C00E43E63 /* SceneDelegate.swift in Sources */,
				C47CE8972A5F127A00E43E63 /* CoordinatorProtocol.swift in Sources */,
				C4CBDD8B2A65794E001D1F4E /* Auth.swift in Sources */,
			);
			runOnlyForDeploymentPostprocessing = 0;
		};
/* End PBXSourcesBuildPhase section */

/* Begin PBXVariantGroup section */
		C47CE8882A5F0E2E00E43E63 /* LaunchScreen.storyboard */ = {
			isa = PBXVariantGroup;
			children = (
				C47CE8892A5F0E2E00E43E63 /* Base */,
			);
			name = LaunchScreen.storyboard;
			sourceTree = "<group>";
		};
/* End PBXVariantGroup section */

/* Begin XCBuildConfiguration section */
		C47CE88C2A5F0E2E00E43E63 /* Debug */ = {
			isa = XCBuildConfiguration;
			buildSettings = {
				ALWAYS_SEARCH_USER_PATHS = NO;
				CLANG_ANALYZER_NONNULL = YES;
				CLANG_ANALYZER_NUMBER_OBJECT_CONVERSION = YES_AGGRESSIVE;
				CLANG_CXX_LANGUAGE_STANDARD = "gnu++20";
				CLANG_ENABLE_MODULES = YES;
				CLANG_ENABLE_OBJC_ARC = YES;
				CLANG_ENABLE_OBJC_WEAK = YES;
				CLANG_WARN_BLOCK_CAPTURE_AUTORELEASING = YES;
				CLANG_WARN_BOOL_CONVERSION = YES;
				CLANG_WARN_COMMA = YES;
				CLANG_WARN_CONSTANT_CONVERSION = YES;
				CLANG_WARN_DEPRECATED_OBJC_IMPLEMENTATIONS = YES;
				CLANG_WARN_DIRECT_OBJC_ISA_USAGE = YES_ERROR;
				CLANG_WARN_DOCUMENTATION_COMMENTS = YES;
				CLANG_WARN_EMPTY_BODY = YES;
				CLANG_WARN_ENUM_CONVERSION = YES;
				CLANG_WARN_INFINITE_RECURSION = YES;
				CLANG_WARN_INT_CONVERSION = YES;
				CLANG_WARN_NON_LITERAL_NULL_CONVERSION = YES;
				CLANG_WARN_OBJC_IMPLICIT_RETAIN_SELF = YES;
				CLANG_WARN_OBJC_LITERAL_CONVERSION = YES;
				CLANG_WARN_OBJC_ROOT_CLASS = YES_ERROR;
				CLANG_WARN_QUOTED_INCLUDE_IN_FRAMEWORK_HEADER = YES;
				CLANG_WARN_RANGE_LOOP_ANALYSIS = YES;
				CLANG_WARN_STRICT_PROTOTYPES = YES;
				CLANG_WARN_SUSPICIOUS_MOVE = YES;
				CLANG_WARN_UNGUARDED_AVAILABILITY = YES_AGGRESSIVE;
				CLANG_WARN_UNREACHABLE_CODE = YES;
				CLANG_WARN__DUPLICATE_METHOD_MATCH = YES;
				COPY_PHASE_STRIP = NO;
				DEBUG_INFORMATION_FORMAT = dwarf;
				ENABLE_STRICT_OBJC_MSGSEND = YES;
				ENABLE_TESTABILITY = YES;
				GCC_C_LANGUAGE_STANDARD = gnu11;
				GCC_DYNAMIC_NO_PIC = NO;
				GCC_NO_COMMON_BLOCKS = YES;
				GCC_OPTIMIZATION_LEVEL = 0;
				GCC_PREPROCESSOR_DEFINITIONS = (
					"DEBUG=1",
					"$(inherited)",
				);
				GCC_WARN_64_TO_32_BIT_CONVERSION = YES;
				GCC_WARN_ABOUT_RETURN_TYPE = YES_ERROR;
				GCC_WARN_UNDECLARED_SELECTOR = YES;
				GCC_WARN_UNINITIALIZED_AUTOS = YES_AGGRESSIVE;
				GCC_WARN_UNUSED_FUNCTION = YES;
				GCC_WARN_UNUSED_VARIABLE = YES;
				IPHONEOS_DEPLOYMENT_TARGET = 16.4;
				MTL_ENABLE_DEBUG_INFO = INCLUDE_SOURCE;
				MTL_FAST_MATH = YES;
				ONLY_ACTIVE_ARCH = YES;
				SDKROOT = iphoneos;
				SWIFT_ACTIVE_COMPILATION_CONDITIONS = DEBUG;
				SWIFT_OPTIMIZATION_LEVEL = "-Onone";
			};
			name = Debug;
		};
		C47CE88D2A5F0E2E00E43E63 /* Release */ = {
			isa = XCBuildConfiguration;
			buildSettings = {
				ALWAYS_SEARCH_USER_PATHS = NO;
				CLANG_ANALYZER_NONNULL = YES;
				CLANG_ANALYZER_NUMBER_OBJECT_CONVERSION = YES_AGGRESSIVE;
				CLANG_CXX_LANGUAGE_STANDARD = "gnu++20";
				CLANG_ENABLE_MODULES = YES;
				CLANG_ENABLE_OBJC_ARC = YES;
				CLANG_ENABLE_OBJC_WEAK = YES;
				CLANG_WARN_BLOCK_CAPTURE_AUTORELEASING = YES;
				CLANG_WARN_BOOL_CONVERSION = YES;
				CLANG_WARN_COMMA = YES;
				CLANG_WARN_CONSTANT_CONVERSION = YES;
				CLANG_WARN_DEPRECATED_OBJC_IMPLEMENTATIONS = YES;
				CLANG_WARN_DIRECT_OBJC_ISA_USAGE = YES_ERROR;
				CLANG_WARN_DOCUMENTATION_COMMENTS = YES;
				CLANG_WARN_EMPTY_BODY = YES;
				CLANG_WARN_ENUM_CONVERSION = YES;
				CLANG_WARN_INFINITE_RECURSION = YES;
				CLANG_WARN_INT_CONVERSION = YES;
				CLANG_WARN_NON_LITERAL_NULL_CONVERSION = YES;
				CLANG_WARN_OBJC_IMPLICIT_RETAIN_SELF = YES;
				CLANG_WARN_OBJC_LITERAL_CONVERSION = YES;
				CLANG_WARN_OBJC_ROOT_CLASS = YES_ERROR;
				CLANG_WARN_QUOTED_INCLUDE_IN_FRAMEWORK_HEADER = YES;
				CLANG_WARN_RANGE_LOOP_ANALYSIS = YES;
				CLANG_WARN_STRICT_PROTOTYPES = YES;
				CLANG_WARN_SUSPICIOUS_MOVE = YES;
				CLANG_WARN_UNGUARDED_AVAILABILITY = YES_AGGRESSIVE;
				CLANG_WARN_UNREACHABLE_CODE = YES;
				CLANG_WARN__DUPLICATE_METHOD_MATCH = YES;
				COPY_PHASE_STRIP = NO;
				DEBUG_INFORMATION_FORMAT = "dwarf-with-dsym";
				ENABLE_NS_ASSERTIONS = NO;
				ENABLE_STRICT_OBJC_MSGSEND = YES;
				GCC_C_LANGUAGE_STANDARD = gnu11;
				GCC_NO_COMMON_BLOCKS = YES;
				GCC_WARN_64_TO_32_BIT_CONVERSION = YES;
				GCC_WARN_ABOUT_RETURN_TYPE = YES_ERROR;
				GCC_WARN_UNDECLARED_SELECTOR = YES;
				GCC_WARN_UNINITIALIZED_AUTOS = YES_AGGRESSIVE;
				GCC_WARN_UNUSED_FUNCTION = YES;
				GCC_WARN_UNUSED_VARIABLE = YES;
				IPHONEOS_DEPLOYMENT_TARGET = 16.4;
				MTL_ENABLE_DEBUG_INFO = NO;
				MTL_FAST_MATH = YES;
				SDKROOT = iphoneos;
				SWIFT_COMPILATION_MODE = wholemodule;
				SWIFT_OPTIMIZATION_LEVEL = "-O";
				VALIDATE_PRODUCT = YES;
			};
			name = Release;
		};
		C47CE88F2A5F0E2E00E43E63 /* Debug */ = {
			isa = XCBuildConfiguration;
			buildSettings = {
				ASSETCATALOG_COMPILER_APPICON_NAME = AppIcon;
				ASSETCATALOG_COMPILER_GLOBAL_ACCENT_COLOR_NAME = AccentColor;
				CODE_SIGN_STYLE = Automatic;
				CURRENT_PROJECT_VERSION = 1;
				DEVELOPMENT_TEAM = 7FWE3GPY5W;
				GENERATE_INFOPLIST_FILE = YES;
				INFOPLIST_FILE = TabBarCoordinatorExample/Info.plist;
				INFOPLIST_KEY_UIApplicationSupportsIndirectInputEvents = YES;
				INFOPLIST_KEY_UILaunchStoryboardName = LaunchScreen;
				INFOPLIST_KEY_UISupportedInterfaceOrientations_iPad = "UIInterfaceOrientationPortrait UIInterfaceOrientationPortraitUpsideDown UIInterfaceOrientationLandscapeLeft UIInterfaceOrientationLandscapeRight";
				INFOPLIST_KEY_UISupportedInterfaceOrientations_iPhone = "UIInterfaceOrientationPortrait UIInterfaceOrientationLandscapeLeft UIInterfaceOrientationLandscapeRight";
				LD_RUNPATH_SEARCH_PATHS = (
					"$(inherited)",
					"@executable_path/Frameworks",
				);
				MARKETING_VERSION = 1.0;
				PRODUCT_BUNDLE_IDENTIFIER = com.Yaroslav.TabBarCoordinatorExample;
				PRODUCT_NAME = "$(TARGET_NAME)";
				SWIFT_EMIT_LOC_STRINGS = YES;
				SWIFT_VERSION = 5.0;
				TARGETED_DEVICE_FAMILY = "1,2";
			};
			name = Debug;
		};
		C47CE8902A5F0E2E00E43E63 /* Release */ = {
			isa = XCBuildConfiguration;
			buildSettings = {
				ASSETCATALOG_COMPILER_APPICON_NAME = AppIcon;
				ASSETCATALOG_COMPILER_GLOBAL_ACCENT_COLOR_NAME = AccentColor;
				CODE_SIGN_STYLE = Automatic;
				CURRENT_PROJECT_VERSION = 1;
				DEVELOPMENT_TEAM = 7FWE3GPY5W;
				GENERATE_INFOPLIST_FILE = YES;
				INFOPLIST_FILE = TabBarCoordinatorExample/Info.plist;
				INFOPLIST_KEY_UIApplicationSupportsIndirectInputEvents = YES;
				INFOPLIST_KEY_UILaunchStoryboardName = LaunchScreen;
				INFOPLIST_KEY_UISupportedInterfaceOrientations_iPad = "UIInterfaceOrientationPortrait UIInterfaceOrientationPortraitUpsideDown UIInterfaceOrientationLandscapeLeft UIInterfaceOrientationLandscapeRight";
				INFOPLIST_KEY_UISupportedInterfaceOrientations_iPhone = "UIInterfaceOrientationPortrait UIInterfaceOrientationLandscapeLeft UIInterfaceOrientationLandscapeRight";
				LD_RUNPATH_SEARCH_PATHS = (
					"$(inherited)",
					"@executable_path/Frameworks",
				);
				MARKETING_VERSION = 1.0;
				PRODUCT_BUNDLE_IDENTIFIER = com.Yaroslav.TabBarCoordinatorExample;
				PRODUCT_NAME = "$(TARGET_NAME)";
				SWIFT_EMIT_LOC_STRINGS = YES;
				SWIFT_VERSION = 5.0;
				TARGETED_DEVICE_FAMILY = "1,2";
			};
			name = Release;
		};
/* End XCBuildConfiguration section */

/* Begin XCConfigurationList section */
		C47CE8752A5F0E2C00E43E63 /* Build configuration list for PBXProject "TabBarCoordinatorExample" */ = {
			isa = XCConfigurationList;
			buildConfigurations = (
				C47CE88C2A5F0E2E00E43E63 /* Debug */,
				C47CE88D2A5F0E2E00E43E63 /* Release */,
			);
			defaultConfigurationIsVisible = 0;
			defaultConfigurationName = Release;
		};
		C47CE88E2A5F0E2E00E43E63 /* Build configuration list for PBXNativeTarget "TabBarCoordinatorExample" */ = {
			isa = XCConfigurationList;
			buildConfigurations = (
				C47CE88F2A5F0E2E00E43E63 /* Debug */,
				C47CE8902A5F0E2E00E43E63 /* Release */,
			);
			defaultConfigurationIsVisible = 0;
			defaultConfigurationName = Release;
		};
/* End XCConfigurationList section */
	};
	rootObject = C47CE8722A5F0E2C00E43E63 /* Project object */;
}
