// !$*UTF8*$!
{
	archiveVersion = 1;
	classes = {
	};
	objectVersion = 56;
	objects = {

/* Begin PBXBuildFile section */
		C430BA622A65A58500642FE0 /* AuthView.swift in Sources */ = {isa = PBXBuildFile; fileRef = C430BA612A65A58500642FE0 /* AuthView.swift */; };
		C430BA642A65A5BA00642FE0 /* AuthView.xib in Resources */ = {isa = PBXBuildFile; fileRef = C430BA632A65A5B900642FE0 /* AuthView.xib */; };
		C430BA672A65A63700642FE0 /* AuthViewController.swift in Sources */ = {isa = PBXBuildFile; fileRef = C430BA662A65A63700642FE0 /* AuthViewController.swift */; };
		C430BA6A2A65A70900642FE0 /* AuthFactory.swift in Sources */ = {isa = PBXBuildFile; fileRef = C430BA692A65A70900642FE0 /* AuthFactory.swift */; };
		C430BA6D2A65A83600642FE0 /* AuthCoordinator.swift in Sources */ = {isa = PBXBuildFile; fileRef = C430BA6C2A65A83600642FE0 /* AuthCoordinator.swift */; };
		C430BA712A65A9F700642FE0 /* AuthViewModel.swift in Sources */ = {isa = PBXBuildFile; fileRef = C430BA702A65A9F700642FE0 /* AuthViewModel.swift */; };
		C430BA7B2A6ADB2100642FE0 /* AccountView.swift in Sources */ = {isa = PBXBuildFile; fileRef = C430BA7A2A6ADB2100642FE0 /* AccountView.swift */; };
		C430BA7D2A6ADB6900642FE0 /* AccountView.xib in Resources */ = {isa = PBXBuildFile; fileRef = C430BA7C2A6ADB6900642FE0 /* AccountView.xib */; };
		C430BA7F2A6ADBB200642FE0 /* AccountViewController.swift in Sources */ = {isa = PBXBuildFile; fileRef = C430BA7E2A6ADBB200642FE0 /* AccountViewController.swift */; };
		C430BA812A6ADE3A00642FE0 /* ThemeViewController.swift in Sources */ = {isa = PBXBuildFile; fileRef = C430BA802A6ADE3A00642FE0 /* ThemeViewController.swift */; };
		C430BA842A6ADE9A00642FE0 /* ThemeView.swift in Sources */ = {isa = PBXBuildFile; fileRef = C430BA832A6ADE9A00642FE0 /* ThemeView.swift */; };
		C430BA862A6ADEED00642FE0 /* ThemeView.xib in Resources */ = {isa = PBXBuildFile; fileRef = C430BA852A6ADEED00642FE0 /* ThemeView.xib */; };
		C430BA8D2A6AE3B300642FE0 /* CommunitiesViewController.swift in Sources */ = {isa = PBXBuildFile; fileRef = C430BA8C2A6AE3B300642FE0 /* CommunitiesViewController.swift */; };
		C430BA912A6AE3F000642FE0 /* CommunitiesView.swift in Sources */ = {isa = PBXBuildFile; fileRef = C430BA902A6AE3F000642FE0 /* CommunitiesView.swift */; };
		C430BA932A6AE40C00642FE0 /* CommunitiesView.xib in Resources */ = {isa = PBXBuildFile; fileRef = C430BA922A6AE40C00642FE0 /* CommunitiesView.xib */; };
		C430BA962A6AE5A200642FE0 /* CommunitiesFactory.swift in Sources */ = {isa = PBXBuildFile; fileRef = C430BA952A6AE5A200642FE0 /* CommunitiesFactory.swift */; };
		C430BA982A6AE72C00642FE0 /* CommunitiesCoordinator.swift in Sources */ = {isa = PBXBuildFile; fileRef = C430BA972A6AE72C00642FE0 /* CommunitiesCoordinator.swift */; };
		C430BA9C2A6D0F8100642FE0 /* MyPostsView.swift in Sources */ = {isa = PBXBuildFile; fileRef = C430BA9B2A6D0F8100642FE0 /* MyPostsView.swift */; };
		C430BA9E2A6D0FC600642FE0 /* MyPostsView.xib in Resources */ = {isa = PBXBuildFile; fileRef = C430BA9D2A6D0FC600642FE0 /* MyPostsView.xib */; };
		C430BAA02A6D101700642FE0 /* MyPostsViewController.swift in Sources */ = {isa = PBXBuildFile; fileRef = C430BA9F2A6D101700642FE0 /* MyPostsViewController.swift */; };
		C44AD3B72A66A93800ECA9C9 /* MainTabBarController.swift in Sources */ = {isa = PBXBuildFile; fileRef = C44AD3B62A66A93800ECA9C9 /* MainTabBarController.swift */; };
		C44AD3BA2A66A9E400ECA9C9 /* MainTabBarFactory.swift in Sources */ = {isa = PBXBuildFile; fileRef = C44AD3B92A66A9E400ECA9C9 /* MainTabBarFactory.swift */; };
		C44AD3BD2A66AB3600ECA9C9 /* MainTabBarCoordinator.swift in Sources */ = {isa = PBXBuildFile; fileRef = C44AD3BC2A66AB3600ECA9C9 /* MainTabBarCoordinator.swift */; };
		C44AD3C32A66B5C000ECA9C9 /* SettingsNavigation.swift in Sources */ = {isa = PBXBuildFile; fileRef = C44AD3C22A66B5C000ECA9C9 /* SettingsNavigation.swift */; };
		C44AD3C52A66B66700ECA9C9 /* ItemSettingViewModel.swift in Sources */ = {isa = PBXBuildFile; fileRef = C44AD3C42A66B66700ECA9C9 /* ItemSettingViewModel.swift */; };
		C44AD3C72A66B70800ECA9C9 /* SettingsViewModel.swift in Sources */ = {isa = PBXBuildFile; fileRef = C44AD3C62A66B70800ECA9C9 /* SettingsViewModel.swift */; };
		C44AD3C92A66B73F00ECA9C9 /* SettingViewController.swift in Sources */ = {isa = PBXBuildFile; fileRef = C44AD3C82A66B73F00ECA9C9 /* SettingViewController.swift */; };
		C44AD3CB2A66BC0700ECA9C9 /* SettingView.swift in Sources */ = {isa = PBXBuildFile; fileRef = C44AD3CA2A66BC0700ECA9C9 /* SettingView.swift */; };
		C44AD3CD2A66BC1F00ECA9C9 /* SettingView.xib in Resources */ = {isa = PBXBuildFile; fileRef = C44AD3CC2A66BC1F00ECA9C9 /* SettingView.xib */; };
		C44AD3D02A66C55000ECA9C9 /* SettingsCoordinator.swift in Sources */ = {isa = PBXBuildFile; fileRef = C44AD3CF2A66C55000ECA9C9 /* SettingsCoordinator.swift */; };
		C44AD3D42A66C5CA00ECA9C9 /* SettingsFactory.swift in Sources */ = {isa = PBXBuildFile; fileRef = C44AD3D32A66C5CA00ECA9C9 /* SettingsFactory.swift */; };
		C44AD3D72A66D20100ECA9C9 /* ItemTabBarFactory.swift in Sources */ = {isa = PBXBuildFile; fileRef = C44AD3D62A66D20100ECA9C9 /* ItemTabBarFactory.swift */; };
		C4564D8C2A729E000013A2B4 /* UserConfigurationViewController.swift in Sources */ = {isa = PBXBuildFile; fileRef = C4564D8B2A729E000013A2B4 /* UserConfigurationViewController.swift */; };
		C4564D902A729E900013A2B4 /* UserConfigurationView.swift in Sources */ = {isa = PBXBuildFile; fileRef = C4564D8F2A729E900013A2B4 /* UserConfigurationView.swift */; };
		C4564D922A729F140013A2B4 /* UserConfigurationView.xib in Resources */ = {isa = PBXBuildFile; fileRef = C4564D912A729F140013A2B4 /* UserConfigurationView.xib */; };
		C4564D952A72A4BD0013A2B4 /* UserConfigurationFactory.swift in Sources */ = {isa = PBXBuildFile; fileRef = C4564D942A72A4BD0013A2B4 /* UserConfigurationFactory.swift */; };
		C4564D992A72A6D00013A2B4 /* AvatarViewController.swift in Sources */ = {isa = PBXBuildFile; fileRef = C4564D982A72A6D00013A2B4 /* AvatarViewController.swift */; };
		C4564D9D2A72A7860013A2B4 /* AvatarView.swift in Sources */ = {isa = PBXBuildFile; fileRef = C4564D9C2A72A7860013A2B4 /* AvatarView.swift */; };
		C4564D9F2A72A7DF0013A2B4 /* AvatarView.xib in Resources */ = {isa = PBXBuildFile; fileRef = C4564D9E2A72A7DF0013A2B4 /* AvatarView.xib */; };
		C4564DA22A72A95A0013A2B4 /* UserConfigurationCoordinator.swift in Sources */ = {isa = PBXBuildFile; fileRef = C4564DA12A72A95A0013A2B4 /* UserConfigurationCoordinator.swift */; };
		C46FD8292A6D28DB003DF458 /* PostCoordinator.swift in Sources */ = {isa = PBXBuildFile; fileRef = C46FD8282A6D28DB003DF458 /* PostCoordinator.swift */; };
		C46FD82C2A6D2E5C003DF458 /* MyPostsMediator.swift in Sources */ = {isa = PBXBuildFile; fileRef = C46FD82B2A6D2E5C003DF458 /* MyPostsMediator.swift */; };
		C47CE87E2A5F0E2C00E43E63 /* AppDelegate.swift in Sources */ = {isa = PBXBuildFile; fileRef = C47CE87D2A5F0E2C00E43E63 /* AppDelegate.swift */; };
		C47CE8802A5F0E2C00E43E63 /* SceneDelegate.swift in Sources */ = {isa = PBXBuildFile; fileRef = C47CE87F2A5F0E2C00E43E63 /* SceneDelegate.swift */; };
		C47CE8872A5F0E2E00E43E63 /* Assets.xcassets in Resources */ = {isa = PBXBuildFile; fileRef = C47CE8862A5F0E2E00E43E63 /* Assets.xcassets */; };
		C47CE88A2A5F0E2E00E43E63 /* LaunchScreen.storyboard in Resources */ = {isa = PBXBuildFile; fileRef = C47CE8882A5F0E2E00E43E63 /* LaunchScreen.storyboard */; };
		C47CE8972A5F127A00E43E63 /* CoordinatorProtocol.swift in Sources */ = {isa = PBXBuildFile; fileRef = C47CE8962A5F127A00E43E63 /* CoordinatorProtocol.swift */; };
		C47CE89A2A5F130600E43E63 /* AppCoordinator.swift in Sources */ = {isa = PBXBuildFile; fileRef = C47CE8992A5F130600E43E63 /* AppCoordinator.swift */; };
		C4C8CD692A6D1B5500064C22 /* MyPostsFactory.swift in Sources */ = {isa = PBXBuildFile; fileRef = C4C8CD682A6D1B5500064C22 /* MyPostsFactory.swift */; };
		C4C8CD6F2A6D1BDA00064C22 /* NewPostView.swift in Sources */ = {isa = PBXBuildFile; fileRef = C4C8CD6E2A6D1BD900064C22 /* NewPostView.swift */; };
		C4C8CD712A6D1C1900064C22 /* NewPostView.xib in Resources */ = {isa = PBXBuildFile; fileRef = C4C8CD702A6D1C1900064C22 /* NewPostView.xib */; };
		C4C8CD732A6D1C9200064C22 /* NewPostViewController.swift in Sources */ = {isa = PBXBuildFile; fileRef = C4C8CD722A6D1C9200064C22 /* NewPostViewController.swift */; };
		C4CBDD882A6578D1001D1F4E /* AppFactory.swift in Sources */ = {isa = PBXBuildFile; fileRef = C4CBDD872A6578D1001D1F4E /* AppFactory.swift */; };
		C4CBDD8B2A65794E001D1F4E /* Auth.swift in Sources */ = {isa = PBXBuildFile; fileRef = C4CBDD8A2A65794E001D1F4E /* Auth.swift */; };
		C4CBDD8E2A657C27001D1F4E /* AppDIContainer.swift in Sources */ = {isa = PBXBuildFile; fileRef = C4CBDD8D2A657C27001D1F4E /* AppDIContainer.swift */; };
		C4EB27522A70409B0064C9FE /* HomeViewController.swift in Sources */ = {isa = PBXBuildFile; fileRef = C4EB27512A70409B0064C9FE /* HomeViewController.swift */; };
		C4EB27562A7040FE0064C9FE /* HomeView.swift in Sources */ = {isa = PBXBuildFile; fileRef = C4EB27552A7040FE0064C9FE /* HomeView.swift */; };
		C4EB27582A70419F0064C9FE /* HomeView.xib in Resources */ = {isa = PBXBuildFile; fileRef = C4EB27572A70419F0064C9FE /* HomeView.xib */; };
		C4EB275B2A7045190064C9FE /* HomeCoordinator.swift in Sources */ = {isa = PBXBuildFile; fileRef = C4EB275A2A7045190064C9FE /* HomeCoordinator.swift */; };
		C4EB275E2A7045B00064C9FE /* HomeFactory.swift in Sources */ = {isa = PBXBuildFile; fileRef = C4EB275D2A7045B00064C9FE /* HomeFactory.swift */; };
		C4EB27622A704E0B0064C9FE /* PostDetailViewController.swift in Sources */ = {isa = PBXBuildFile; fileRef = C4EB27612A704E0B0064C9FE /* PostDetailViewController.swift */; };
		C4EB27662A704E750064C9FE /* PostDetailView.swift in Sources */ = {isa = PBXBuildFile; fileRef = C4EB27652A704E750064C9FE /* PostDetailView.swift */; };
		C4EB27682A704F060064C9FE /* PostDetailView.xib in Resources */ = {isa = PBXBuildFile; fileRef = C4EB27672A704F060064C9FE /* PostDetailView.xib */; };
		C4EB276B2A705D2E0064C9FE /* PostDetailFactory.swift in Sources */ = {isa = PBXBuildFile; fileRef = C4EB276A2A705D2E0064C9FE /* PostDetailFactory.swift */; };
		C4EB276E2A705FB00064C9FE /* PostDetailCoordinator.swift in Sources */ = {isa = PBXBuildFile; fileRef = C4EB276D2A705FB00064C9FE /* PostDetailCoordinator.swift */; };
		C4EB27712A717ED20064C9FE /* PostDetailPhotosViewController.swift in Sources */ = {isa = PBXBuildFile; fileRef = C4EB27702A717ED20064C9FE /* PostDetailPhotosViewController.swift */; };
		C4EB27752A717F3E0064C9FE /* PostDetailPhotosView.swift in Sources */ = {isa = PBXBuildFile; fileRef = C4EB27742A717F3E0064C9FE /* PostDetailPhotosView.swift */; };
		C4EB27772A7181010064C9FE /* PostDetailPhotosView.xib in Resources */ = {isa = PBXBuildFile; fileRef = C4EB27762A7181010064C9FE /* PostDetailPhotosView.xib */; };
		C4EB277A2A7184340064C9FE /* MoreDetailViewController.swift in Sources */ = {isa = PBXBuildFile; fileRef = C4EB27792A7184340064C9FE /* MoreDetailViewController.swift */; };
		C4EB277D2A71848A0064C9FE /* MoreDetailView.swift in Sources */ = {isa = PBXBuildFile; fileRef = C4EB277C2A71848A0064C9FE /* MoreDetailView.swift */; };
		C4EB277F2A7184E70064C9FE /* MoreDetailView.xib in Resources */ = {isa = PBXBuildFile; fileRef = C4EB277E2A7184E70064C9FE /* MoreDetailView.xib */; };
		C4EB27832A7186AF0064C9FE /* PostDetailSourceViewController.swift in Sources */ = {isa = PBXBuildFile; fileRef = C4EB27822A7186AF0064C9FE /* PostDetailSourceViewController.swift */; };
		C4EB27852A7186CD0064C9FE /* PostDetailSourceView.swift in Sources */ = {isa = PBXBuildFile; fileRef = C4EB27842A7186CD0064C9FE /* PostDetailSourceView.swift */; };
		C4EB27872A71870B0064C9FE /* PostDetailSourceView.xib in Resources */ = {isa = PBXBuildFile; fileRef = C4EB27862A71870B0064C9FE /* PostDetailSourceView.xib */; };
		C4EB278A2A71896A0064C9FE /* NavigationPortocol.swift in Sources */ = {isa = PBXBuildFile; fileRef = C4EB27892A71896A0064C9FE /* NavigationPortocol.swift */; };
		C4EB278D2A7195D90064C9FE /* ParentCoordinator.swift in Sources */ = {isa = PBXBuildFile; fileRef = C4EB278C2A7195D90064C9FE /* ParentCoordinator.swift */; };
/* End PBXBuildFile section */

/* Begin PBXFileReference section */
		C430BA612A65A58500642FE0 /* AuthView.swift */ = {isa = PBXFileReference; lastKnownFileType = sourcecode.swift; path = AuthView.swift; sourceTree = "<group>"; };
		C430BA632A65A5B900642FE0 /* AuthView.xib */ = {isa = PBXFileReference; lastKnownFileType = file.xib; path = AuthView.xib; sourceTree = "<group>"; };
		C430BA662A65A63700642FE0 /* AuthViewController.swift */ = {isa = PBXFileReference; lastKnownFileType = sourcecode.swift; path = AuthViewController.swift; sourceTree = "<group>"; };
		C430BA692A65A70900642FE0 /* AuthFactory.swift */ = {isa = PBXFileReference; lastKnownFileType = sourcecode.swift; path = AuthFactory.swift; sourceTree = "<group>"; };
		C430BA6C2A65A83600642FE0 /* AuthCoordinator.swift */ = {isa = PBXFileReference; lastKnownFileType = sourcecode.swift; path = AuthCoordinator.swift; sourceTree = "<group>"; };
		C430BA702A65A9F700642FE0 /* AuthViewModel.swift */ = {isa = PBXFileReference; lastKnownFileType = sourcecode.swift; path = AuthViewModel.swift; sourceTree = "<group>"; };
		C430BA7A2A6ADB2100642FE0 /* AccountView.swift */ = {isa = PBXFileReference; lastKnownFileType = sourcecode.swift; path = AccountView.swift; sourceTree = "<group>"; };
		C430BA7C2A6ADB6900642FE0 /* AccountView.xib */ = {isa = PBXFileReference; lastKnownFileType = file.xib; path = AccountView.xib; sourceTree = "<group>"; };
		C430BA7E2A6ADBB200642FE0 /* AccountViewController.swift */ = {isa = PBXFileReference; lastKnownFileType = sourcecode.swift; path = AccountViewController.swift; sourceTree = "<group>"; };
		C430BA802A6ADE3A00642FE0 /* ThemeViewController.swift */ = {isa = PBXFileReference; lastKnownFileType = sourcecode.swift; path = ThemeViewController.swift; sourceTree = "<group>"; };
		C430BA832A6ADE9A00642FE0 /* ThemeView.swift */ = {isa = PBXFileReference; lastKnownFileType = sourcecode.swift; path = ThemeView.swift; sourceTree = "<group>"; };
		C430BA852A6ADEED00642FE0 /* ThemeView.xib */ = {isa = PBXFileReference; lastKnownFileType = file.xib; path = ThemeView.xib; sourceTree = "<group>"; };
		C430BA8C2A6AE3B300642FE0 /* CommunitiesViewController.swift */ = {isa = PBXFileReference; lastKnownFileType = sourcecode.swift; path = CommunitiesViewController.swift; sourceTree = "<group>"; };
		C430BA902A6AE3F000642FE0 /* CommunitiesView.swift */ = {isa = PBXFileReference; lastKnownFileType = sourcecode.swift; path = CommunitiesView.swift; sourceTree = "<group>"; };
		C430BA922A6AE40C00642FE0 /* CommunitiesView.xib */ = {isa = PBXFileReference; lastKnownFileType = file.xib; path = CommunitiesView.xib; sourceTree = "<group>"; };
		C430BA952A6AE5A200642FE0 /* CommunitiesFactory.swift */ = {isa = PBXFileReference; lastKnownFileType = sourcecode.swift; path = CommunitiesFactory.swift; sourceTree = "<group>"; };
		C430BA972A6AE72C00642FE0 /* CommunitiesCoordinator.swift */ = {isa = PBXFileReference; lastKnownFileType = sourcecode.swift; path = CommunitiesCoordinator.swift; sourceTree = "<group>"; };
		C430BA9B2A6D0F8100642FE0 /* MyPostsView.swift */ = {isa = PBXFileReference; lastKnownFileType = sourcecode.swift; path = MyPostsView.swift; sourceTree = "<group>"; };
		C430BA9D2A6D0FC600642FE0 /* MyPostsView.xib */ = {isa = PBXFileReference; lastKnownFileType = file.xib; path = MyPostsView.xib; sourceTree = "<group>"; };
		C430BA9F2A6D101700642FE0 /* MyPostsViewController.swift */ = {isa = PBXFileReference; lastKnownFileType = sourcecode.swift; path = MyPostsViewController.swift; sourceTree = "<group>"; };
		C44AD3B62A66A93800ECA9C9 /* MainTabBarController.swift */ = {isa = PBXFileReference; lastKnownFileType = sourcecode.swift; path = MainTabBarController.swift; sourceTree = "<group>"; };
		C44AD3B92A66A9E400ECA9C9 /* MainTabBarFactory.swift */ = {isa = PBXFileReference; lastKnownFileType = sourcecode.swift; path = MainTabBarFactory.swift; sourceTree = "<group>"; };
		C44AD3BC2A66AB3600ECA9C9 /* MainTabBarCoordinator.swift */ = {isa = PBXFileReference; lastKnownFileType = sourcecode.swift; path = MainTabBarCoordinator.swift; sourceTree = "<group>"; };
		C44AD3C22A66B5C000ECA9C9 /* SettingsNavigation.swift */ = {isa = PBXFileReference; lastKnownFileType = sourcecode.swift; path = SettingsNavigation.swift; sourceTree = "<group>"; };
		C44AD3C42A66B66700ECA9C9 /* ItemSettingViewModel.swift */ = {isa = PBXFileReference; lastKnownFileType = sourcecode.swift; path = ItemSettingViewModel.swift; sourceTree = "<group>"; };
		C44AD3C62A66B70800ECA9C9 /* SettingsViewModel.swift */ = {isa = PBXFileReference; lastKnownFileType = sourcecode.swift; path = SettingsViewModel.swift; sourceTree = "<group>"; };
		C44AD3C82A66B73F00ECA9C9 /* SettingViewController.swift */ = {isa = PBXFileReference; lastKnownFileType = sourcecode.swift; path = SettingViewController.swift; sourceTree = "<group>"; };
		C44AD3CA2A66BC0700ECA9C9 /* SettingView.swift */ = {isa = PBXFileReference; lastKnownFileType = sourcecode.swift; path = SettingView.swift; sourceTree = "<group>"; };
		C44AD3CC2A66BC1F00ECA9C9 /* SettingView.xib */ = {isa = PBXFileReference; lastKnownFileType = file.xib; path = SettingView.xib; sourceTree = "<group>"; };
		C44AD3CF2A66C55000ECA9C9 /* SettingsCoordinator.swift */ = {isa = PBXFileReference; lastKnownFileType = sourcecode.swift; path = SettingsCoordinator.swift; sourceTree = "<group>"; };
		C44AD3D32A66C5CA00ECA9C9 /* SettingsFactory.swift */ = {isa = PBXFileReference; lastKnownFileType = sourcecode.swift; path = SettingsFactory.swift; sourceTree = "<group>"; };
		C44AD3D62A66D20100ECA9C9 /* ItemTabBarFactory.swift */ = {isa = PBXFileReference; lastKnownFileType = sourcecode.swift; path = ItemTabBarFactory.swift; sourceTree = "<group>"; };
		C4564D8B2A729E000013A2B4 /* UserConfigurationViewController.swift */ = {isa = PBXFileReference; lastKnownFileType = sourcecode.swift; path = UserConfigurationViewController.swift; sourceTree = "<group>"; };
		C4564D8F2A729E900013A2B4 /* UserConfigurationView.swift */ = {isa = PBXFileReference; lastKnownFileType = sourcecode.swift; path = UserConfigurationView.swift; sourceTree = "<group>"; };
		C4564D912A729F140013A2B4 /* UserConfigurationView.xib */ = {isa = PBXFileReference; lastKnownFileType = file.xib; path = UserConfigurationView.xib; sourceTree = "<group>"; };
		C4564D942A72A4BD0013A2B4 /* UserConfigurationFactory.swift */ = {isa = PBXFileReference; lastKnownFileType = sourcecode.swift; path = UserConfigurationFactory.swift; sourceTree = "<group>"; };
		C4564D982A72A6D00013A2B4 /* AvatarViewController.swift */ = {isa = PBXFileReference; lastKnownFileType = sourcecode.swift; path = AvatarViewController.swift; sourceTree = "<group>"; };
		C4564D9C2A72A7860013A2B4 /* AvatarView.swift */ = {isa = PBXFileReference; lastKnownFileType = sourcecode.swift; path = AvatarView.swift; sourceTree = "<group>"; };
		C4564D9E2A72A7DF0013A2B4 /* AvatarView.xib */ = {isa = PBXFileReference; lastKnownFileType = file.xib; path = AvatarView.xib; sourceTree = "<group>"; };
		C4564DA12A72A95A0013A2B4 /* UserConfigurationCoordinator.swift */ = {isa = PBXFileReference; lastKnownFileType = sourcecode.swift; path = UserConfigurationCoordinator.swift; sourceTree = "<group>"; };
		C46FD8282A6D28DB003DF458 /* PostCoordinator.swift */ = {isa = PBXFileReference; lastKnownFileType = sourcecode.swift; path = PostCoordinator.swift; sourceTree = "<group>"; };
		C46FD82B2A6D2E5C003DF458 /* MyPostsMediator.swift */ = {isa = PBXFileReference; lastKnownFileType = sourcecode.swift; path = MyPostsMediator.swift; sourceTree = "<group>"; };
		C47CE87A2A5F0E2C00E43E63 /* TabBarCoordinatorExample.app */ = {isa = PBXFileReference; explicitFileType = wrapper.application; includeInIndex = 0; path = TabBarCoordinatorExample.app; sourceTree = BUILT_PRODUCTS_DIR; };
		C47CE87D2A5F0E2C00E43E63 /* AppDelegate.swift */ = {isa = PBXFileReference; lastKnownFileType = sourcecode.swift; path = AppDelegate.swift; sourceTree = "<group>"; };
		C47CE87F2A5F0E2C00E43E63 /* SceneDelegate.swift */ = {isa = PBXFileReference; lastKnownFileType = sourcecode.swift; path = SceneDelegate.swift; sourceTree = "<group>"; };
		C47CE8862A5F0E2E00E43E63 /* Assets.xcassets */ = {isa = PBXFileReference; lastKnownFileType = folder.assetcatalog; path = Assets.xcassets; sourceTree = "<group>"; };
		C47CE8892A5F0E2E00E43E63 /* Base */ = {isa = PBXFileReference; lastKnownFileType = file.storyboard; name = Base; path = Base.lproj/LaunchScreen.storyboard; sourceTree = "<group>"; };
		C47CE88B2A5F0E2E00E43E63 /* Info.plist */ = {isa = PBXFileReference; lastKnownFileType = text.plist.xml; path = Info.plist; sourceTree = "<group>"; };
		C47CE8962A5F127A00E43E63 /* CoordinatorProtocol.swift */ = {isa = PBXFileReference; lastKnownFileType = sourcecode.swift; path = CoordinatorProtocol.swift; sourceTree = "<group>"; };
		C47CE8992A5F130600E43E63 /* AppCoordinator.swift */ = {isa = PBXFileReference; lastKnownFileType = sourcecode.swift; path = AppCoordinator.swift; sourceTree = "<group>"; };
		C4C8CD682A6D1B5500064C22 /* MyPostsFactory.swift */ = {isa = PBXFileReference; lastKnownFileType = sourcecode.swift; path = MyPostsFactory.swift; sourceTree = "<group>"; };
		C4C8CD6E2A6D1BD900064C22 /* NewPostView.swift */ = {isa = PBXFileReference; lastKnownFileType = sourcecode.swift; path = NewPostView.swift; sourceTree = "<group>"; };
		C4C8CD702A6D1C1900064C22 /* NewPostView.xib */ = {isa = PBXFileReference; lastKnownFileType = file.xib; path = NewPostView.xib; sourceTree = "<group>"; };
		C4C8CD722A6D1C9200064C22 /* NewPostViewController.swift */ = {isa = PBXFileReference; lastKnownFileType = sourcecode.swift; path = NewPostViewController.swift; sourceTree = "<group>"; };
		C4CBDD872A6578D1001D1F4E /* AppFactory.swift */ = {isa = PBXFileReference; lastKnownFileType = sourcecode.swift; path = AppFactory.swift; sourceTree = "<group>"; };
		C4CBDD8A2A65794E001D1F4E /* Auth.swift */ = {isa = PBXFileReference; lastKnownFileType = sourcecode.swift; path = Auth.swift; sourceTree = "<group>"; };
		C4CBDD8D2A657C27001D1F4E /* AppDIContainer.swift */ = {isa = PBXFileReference; lastKnownFileType = sourcecode.swift; path = AppDIContainer.swift; sourceTree = "<group>"; };
		C4EB27512A70409B0064C9FE /* HomeViewController.swift */ = {isa = PBXFileReference; lastKnownFileType = sourcecode.swift; path = HomeViewController.swift; sourceTree = "<group>"; };
		C4EB27552A7040FE0064C9FE /* HomeView.swift */ = {isa = PBXFileReference; lastKnownFileType = sourcecode.swift; path = HomeView.swift; sourceTree = "<group>"; };
		C4EB27572A70419F0064C9FE /* HomeView.xib */ = {isa = PBXFileReference; lastKnownFileType = file.xib; path = HomeView.xib; sourceTree = "<group>"; };
		C4EB275A2A7045190064C9FE /* HomeCoordinator.swift */ = {isa = PBXFileReference; lastKnownFileType = sourcecode.swift; path = HomeCoordinator.swift; sourceTree = "<group>"; };
		C4EB275D2A7045B00064C9FE /* HomeFactory.swift */ = {isa = PBXFileReference; lastKnownFileType = sourcecode.swift; path = HomeFactory.swift; sourceTree = "<group>"; };
		C4EB27612A704E0B0064C9FE /* PostDetailViewController.swift */ = {isa = PBXFileReference; lastKnownFileType = sourcecode.swift; path = PostDetailViewController.swift; sourceTree = "<group>"; };
		C4EB27652A704E750064C9FE /* PostDetailView.swift */ = {isa = PBXFileReference; lastKnownFileType = sourcecode.swift; path = PostDetailView.swift; sourceTree = "<group>"; };
		C4EB27672A704F060064C9FE /* PostDetailView.xib */ = {isa = PBXFileReference; lastKnownFileType = file.xib; path = PostDetailView.xib; sourceTree = "<group>"; };
		C4EB276A2A705D2E0064C9FE /* PostDetailFactory.swift */ = {isa = PBXFileReference; lastKnownFileType = sourcecode.swift; path = PostDetailFactory.swift; sourceTree = "<group>"; };
		C4EB276D2A705FB00064C9FE /* PostDetailCoordinator.swift */ = {isa = PBXFileReference; lastKnownFileType = sourcecode.swift; path = PostDetailCoordinator.swift; sourceTree = "<group>"; };
		C4EB27702A717ED20064C9FE /* PostDetailPhotosViewController.swift */ = {isa = PBXFileReference; lastKnownFileType = sourcecode.swift; path = PostDetailPhotosViewController.swift; sourceTree = "<group>"; };
		C4EB27742A717F3E0064C9FE /* PostDetailPhotosView.swift */ = {isa = PBXFileReference; lastKnownFileType = sourcecode.swift; path = PostDetailPhotosView.swift; sourceTree = "<group>"; };
		C4EB27762A7181010064C9FE /* PostDetailPhotosView.xib */ = {isa = PBXFileReference; lastKnownFileType = file.xib; path = PostDetailPhotosView.xib; sourceTree = "<group>"; };
		C4EB27792A7184340064C9FE /* MoreDetailViewController.swift */ = {isa = PBXFileReference; lastKnownFileType = sourcecode.swift; path = MoreDetailViewController.swift; sourceTree = "<group>"; };
		C4EB277C2A71848A0064C9FE /* MoreDetailView.swift */ = {isa = PBXFileReference; lastKnownFileType = sourcecode.swift; path = MoreDetailView.swift; sourceTree = "<group>"; };
		C4EB277E2A7184E70064C9FE /* MoreDetailView.xib */ = {isa = PBXFileReference; lastKnownFileType = file.xib; path = MoreDetailView.xib; sourceTree = "<group>"; };
		C4EB27822A7186AF0064C9FE /* PostDetailSourceViewController.swift */ = {isa = PBXFileReference; lastKnownFileType = sourcecode.swift; path = PostDetailSourceViewController.swift; sourceTree = "<group>"; };
		C4EB27842A7186CD0064C9FE /* PostDetailSourceView.swift */ = {isa = PBXFileReference; lastKnownFileType = sourcecode.swift; path = PostDetailSourceView.swift; sourceTree = "<group>"; };
		C4EB27862A71870B0064C9FE /* PostDetailSourceView.xib */ = {isa = PBXFileReference; lastKnownFileType = file.xib; path = PostDetailSourceView.xib; sourceTree = "<group>"; };
		C4EB27892A71896A0064C9FE /* NavigationPortocol.swift */ = {isa = PBXFileReference; lastKnownFileType = sourcecode.swift; path = NavigationPortocol.swift; sourceTree = "<group>"; };
		C4EB278C2A7195D90064C9FE /* ParentCoordinator.swift */ = {isa = PBXFileReference; lastKnownFileType = sourcecode.swift; path = ParentCoordinator.swift; sourceTree = "<group>"; };
/* End PBXFileReference section */

/* Begin PBXFrameworksBuildPhase section */
		C47CE8772A5F0E2C00E43E63 /* Frameworks */ = {
			isa = PBXFrameworksBuildPhase;
			buildActionMask = 2147483647;
			files = (
			);
			runOnlyForDeploymentPostprocessing = 0;
		};
/* End PBXFrameworksBuildPhase section */

/* Begin PBXGroup section */
		C430BA602A65A56700642FE0 /* AuthView */ = {
			isa = PBXGroup;
			children = (
				C430BA612A65A58500642FE0 /* AuthView.swift */,
				C430BA632A65A5B900642FE0 /* AuthView.xib */,
			);
			path = AuthView;
			sourceTree = "<group>";
		};
		C430BA652A65A61900642FE0 /* AuthViewController */ = {
			isa = PBXGroup;
			children = (
				C430BA662A65A63700642FE0 /* AuthViewController.swift */,
			);
			path = AuthViewController;
			sourceTree = "<group>";
		};
		C430BA682A65A6E100642FE0 /* AuthFactory */ = {
			isa = PBXGroup;
			children = (
				C430BA692A65A70900642FE0 /* AuthFactory.swift */,
			);
			path = AuthFactory;
			sourceTree = "<group>";
		};
		C430BA6B2A65A81200642FE0 /* AuthCoordinator */ = {
			isa = PBXGroup;
			children = (
				C430BA6C2A65A83600642FE0 /* AuthCoordinator.swift */,
			);
			path = AuthCoordinator;
			sourceTree = "<group>";
		};
		C430BA6E2A65A9BB00642FE0 /* ViewModels */ = {
			isa = PBXGroup;
			children = (
				C430BA6F2A65A9D800642FE0 /* AuthViewModel */,
				C44AD3C02A66B50900ECA9C9 /* SettingViewModels */,
			);
			path = ViewModels;
			sourceTree = "<group>";
		};
		C430BA6F2A65A9D800642FE0 /* AuthViewModel */ = {
			isa = PBXGroup;
			children = (
				C430BA702A65A9F700642FE0 /* AuthViewModel.swift */,
			);
			path = AuthViewModel;
			sourceTree = "<group>";
		};
		C430BA722A6AD91600642FE0 /* Settings */ = {
			isa = PBXGroup;
			children = (
				C44AD3BE2A66B49900ECA9C9 /* SettingViewController */,
				C4564D962A72A6920013A2B4 /* UserConfiguration */,
				C430BA752A6ADA9600642FE0 /* AccountViewController */,
				C430BA762A6ADAB200642FE0 /* ThemeViewController */,
			);
			path = Settings;
			sourceTree = "<group>";
		};
		C430BA732A6AD92D00642FE0 /* Auth */ = {
			isa = PBXGroup;
			children = (
				C430BA652A65A61900642FE0 /* AuthViewController */,
			);
			path = Auth;
			sourceTree = "<group>";
		};
		C430BA742A6AD94600642FE0 /* MainTabBar */ = {
			isa = PBXGroup;
			children = (
				C44AD3B52A66A8E000ECA9C9 /* MainTabBarController */,
			);
			path = MainTabBar;
			sourceTree = "<group>";
		};
		C430BA752A6ADA9600642FE0 /* AccountViewController */ = {
			isa = PBXGroup;
			children = (
				C430BA7E2A6ADBB200642FE0 /* AccountViewController.swift */,
			);
			path = AccountViewController;
			sourceTree = "<group>";
		};
		C430BA762A6ADAB200642FE0 /* ThemeViewController */ = {
			isa = PBXGroup;
			children = (
				C430BA802A6ADE3A00642FE0 /* ThemeViewController.swift */,
			);
			path = ThemeViewController;
			sourceTree = "<group>";
		};
		C430BA772A6ADADB00642FE0 /* Settings */ = {
			isa = PBXGroup;
			children = (
				C44AD3BF2A66B4B600ECA9C9 /* SettingView */,
				C4564D9A2A72A7460013A2B4 /* UserConfiguration */,
				C430BA782A6ADAF100642FE0 /* AccountView */,
				C430BA792A6ADB0100642FE0 /* ThemeView */,
			);
			path = Settings;
			sourceTree = "<group>";
		};
		C430BA782A6ADAF100642FE0 /* AccountView */ = {
			isa = PBXGroup;
			children = (
				C430BA7A2A6ADB2100642FE0 /* AccountView.swift */,
				C430BA7C2A6ADB6900642FE0 /* AccountView.xib */,
			);
			path = AccountView;
			sourceTree = "<group>";
		};
		C430BA792A6ADB0100642FE0 /* ThemeView */ = {
			isa = PBXGroup;
			children = (
				C430BA832A6ADE9A00642FE0 /* ThemeView.swift */,
				C430BA852A6ADEED00642FE0 /* ThemeView.xib */,
			);
			path = ThemeView;
			sourceTree = "<group>";
		};
		C430BA872A6AE2FC00642FE0 /* CommunitiesCoordinator */ = {
			isa = PBXGroup;
			children = (
				C430BA972A6AE72C00642FE0 /* CommunitiesCoordinator.swift */,
			);
			path = CommunitiesCoordinator;
			sourceTree = "<group>";
		};
		C430BA882A6AE36100642FE0 /* Communities */ = {
			isa = PBXGroup;
			children = (
				C430BA892A6AE37D00642FE0 /* CommunitiesViewController */,
			);
			path = Communities;
			sourceTree = "<group>";
		};
		C430BA892A6AE37D00642FE0 /* CommunitiesViewController */ = {
			isa = PBXGroup;
			children = (
				C430BA8C2A6AE3B300642FE0 /* CommunitiesViewController.swift */,
			);
			path = CommunitiesViewController;
			sourceTree = "<group>";
		};
		C430BA8E2A6AE3D100642FE0 /* Communities */ = {
			isa = PBXGroup;
			children = (
				C430BA8F2A6AE3E000642FE0 /* CommunitiesView */,
			);
			path = Communities;
			sourceTree = "<group>";
		};
		C430BA8F2A6AE3E000642FE0 /* CommunitiesView */ = {
			isa = PBXGroup;
			children = (
				C430BA902A6AE3F000642FE0 /* CommunitiesView.swift */,
				C430BA922A6AE40C00642FE0 /* CommunitiesView.xib */,
			);
			path = CommunitiesView;
			sourceTree = "<group>";
		};
		C430BA942A6AE57100642FE0 /* CommunitiesFactory */ = {
			isa = PBXGroup;
			children = (
				C430BA952A6AE5A200642FE0 /* CommunitiesFactory.swift */,
			);
			path = CommunitiesFactory;
			sourceTree = "<group>";
		};
		C430BA992A6D0ED700642FE0 /* MyPostsViewController */ = {
			isa = PBXGroup;
			children = (
				C430BA9F2A6D101700642FE0 /* MyPostsViewController.swift */,
			);
			path = MyPostsViewController;
			sourceTree = "<group>";
		};
		C430BA9A2A6D0F4E00642FE0 /* MyPostsView */ = {
			isa = PBXGroup;
			children = (
				C430BA9B2A6D0F8100642FE0 /* MyPostsView.swift */,
				C430BA9D2A6D0FC600642FE0 /* MyPostsView.xib */,
			);
			path = MyPostsView;
			sourceTree = "<group>";
		};
		C44AD3B52A66A8E000ECA9C9 /* MainTabBarController */ = {
			isa = PBXGroup;
			children = (
				C44AD3B62A66A93800ECA9C9 /* MainTabBarController.swift */,
			);
			path = MainTabBarController;
			sourceTree = "<group>";
		};
		C44AD3B82A66A9A000ECA9C9 /* MainTabBarFactory */ = {
			isa = PBXGroup;
			children = (
				C44AD3B92A66A9E400ECA9C9 /* MainTabBarFactory.swift */,
				C44AD3D52A66D1D000ECA9C9 /* ItemTabBarFactory */,
			);
			path = MainTabBarFactory;
			sourceTree = "<group>";
		};
		C44AD3BB2A66AB1900ECA9C9 /* MainCoordinator */ = {
			isa = PBXGroup;
			children = (
				C44AD3BC2A66AB3600ECA9C9 /* MainTabBarCoordinator.swift */,
			);
			path = MainCoordinator;
			sourceTree = "<group>";
		};
		C44AD3BE2A66B49900ECA9C9 /* SettingViewController */ = {
			isa = PBXGroup;
			children = (
				C44AD3C82A66B73F00ECA9C9 /* SettingViewController.swift */,
			);
			path = SettingViewController;
			sourceTree = "<group>";
		};
		C44AD3BF2A66B4B600ECA9C9 /* SettingView */ = {
			isa = PBXGroup;
			children = (
				C44AD3CA2A66BC0700ECA9C9 /* SettingView.swift */,
				C44AD3CC2A66BC1F00ECA9C9 /* SettingView.xib */,
			);
			path = SettingView;
			sourceTree = "<group>";
		};
		C44AD3C02A66B50900ECA9C9 /* SettingViewModels */ = {
			isa = PBXGroup;
			children = (
				C44AD3C12A66B53800ECA9C9 /* ItemViewModels */,
			);
			path = SettingViewModels;
			sourceTree = "<group>";
		};
		C44AD3C12A66B53800ECA9C9 /* ItemViewModels */ = {
			isa = PBXGroup;
			children = (
				C44AD3C42A66B66700ECA9C9 /* ItemSettingViewModel.swift */,
				C44AD3C22A66B5C000ECA9C9 /* SettingsNavigation.swift */,
				C44AD3C62A66B70800ECA9C9 /* SettingsViewModel.swift */,
			);
			path = ItemViewModels;
			sourceTree = "<group>";
		};
		C44AD3CE2A66C51B00ECA9C9 /* SettingsCoordinator */ = {
			isa = PBXGroup;
			children = (
				C44AD3CF2A66C55000ECA9C9 /* SettingsCoordinator.swift */,
			);
			path = SettingsCoordinator;
			sourceTree = "<group>";
		};
		C44AD3D12A66C57900ECA9C9 /* SettingsFactory */ = {
			isa = PBXGroup;
			children = (
				C44AD3D32A66C5CA00ECA9C9 /* SettingsFactory.swift */,
			);
			path = SettingsFactory;
			sourceTree = "<group>";
		};
		C44AD3D52A66D1D000ECA9C9 /* ItemTabBarFactory */ = {
			isa = PBXGroup;
			children = (
				C44AD3D62A66D20100ECA9C9 /* ItemTabBarFactory.swift */,
			);
			path = ItemTabBarFactory;
			sourceTree = "<group>";
		};
		C4564D8D2A729E080013A2B4 /* UserConfigurationViewController */ = {
			isa = PBXGroup;
			children = (
				C4564D8B2A729E000013A2B4 /* UserConfigurationViewController.swift */,
			);
			path = UserConfigurationViewController;
			sourceTree = "<group>";
		};
		C4564D8E2A729E780013A2B4 /* UserConfigurationView */ = {
			isa = PBXGroup;
			children = (
				C4564D8F2A729E900013A2B4 /* UserConfigurationView.swift */,
				C4564D912A729F140013A2B4 /* UserConfigurationView.xib */,
			);
			path = UserConfigurationView;
			sourceTree = "<group>";
		};
		C4564D932A72A46C0013A2B4 /* UserConfigurationFactoory */ = {
			isa = PBXGroup;
			children = (
				C4564D942A72A4BD0013A2B4 /* UserConfigurationFactory.swift */,
			);
			path = UserConfigurationFactoory;
			sourceTree = "<group>";
		};
		C4564D962A72A6920013A2B4 /* UserConfiguration */ = {
			isa = PBXGroup;
			children = (
				C4564D8D2A729E080013A2B4 /* UserConfigurationViewController */,
				C4564D972A72A6B30013A2B4 /* AvatarViewController */,
			);
			path = UserConfiguration;
			sourceTree = "<group>";
		};
		C4564D972A72A6B30013A2B4 /* AvatarViewController */ = {
			isa = PBXGroup;
			children = (
				C4564D982A72A6D00013A2B4 /* AvatarViewController.swift */,
			);
			path = AvatarViewController;
			sourceTree = "<group>";
		};
		C4564D9A2A72A7460013A2B4 /* UserConfiguration */ = {
			isa = PBXGroup;
			children = (
				C4564D8E2A729E780013A2B4 /* UserConfigurationView */,
				C4564D9B2A72A7700013A2B4 /* AvatarView */,
			);
			path = UserConfiguration;
			sourceTree = "<group>";
		};
		C4564D9B2A72A7700013A2B4 /* AvatarView */ = {
			isa = PBXGroup;
			children = (
				C4564D9C2A72A7860013A2B4 /* AvatarView.swift */,
				C4564D9E2A72A7DF0013A2B4 /* AvatarView.xib */,
			);
			path = AvatarView;
			sourceTree = "<group>";
		};
		C4564DA02A72A9290013A2B4 /* UserConfigurationCoordinator */ = {
			isa = PBXGroup;
			children = (
				C4564DA12A72A95A0013A2B4 /* UserConfigurationCoordinator.swift */,
			);
			path = UserConfigurationCoordinator;
			sourceTree = "<group>";
		};
		C46FD8272A6D28A1003DF458 /* PostCoordinator */ = {
			isa = PBXGroup;
			children = (
				C46FD8282A6D28DB003DF458 /* PostCoordinator.swift */,
			);
			path = PostCoordinator;
			sourceTree = "<group>";
		};
		C47CE8712A5F0E2C00E43E63 = {
			isa = PBXGroup;
			children = (
				C47CE87C2A5F0E2C00E43E63 /* TabBarCoordinatorExample */,
				C47CE87B2A5F0E2C00E43E63 /* Products */,
			);
			sourceTree = "<group>";
		};
		C47CE87B2A5F0E2C00E43E63 /* Products */ = {
			isa = PBXGroup;
			children = (
				C47CE87A2A5F0E2C00E43E63 /* TabBarCoordinatorExample.app */,
			);
			name = Products;
			sourceTree = "<group>";
		};
		C47CE87C2A5F0E2C00E43E63 /* TabBarCoordinatorExample */ = {
			isa = PBXGroup;
			children = (
				C47CE8932A5F11F000E43E63 /* Coordinators */,
				C4CBDD852A65789C001D1F4E /* Factories */,
				C4CBDD892A657942001D1F4E /* Auth */,
				C47CE8912A5F11C000E43E63 /* Views */,
				C430BA6E2A65A9BB00642FE0 /* ViewModels */,
				C47CE8922A5F11E300E43E63 /* Controllers */,
				C47CE8942A5F120800E43E63 /* Resource */,
				C47CE87F2A5F0E2C00E43E63 /* SceneDelegate.swift */,
				C47CE88B2A5F0E2E00E43E63 /* Info.plist */,
			);
			path = TabBarCoordinatorExample;
			sourceTree = "<group>";
		};
		C47CE8912A5F11C000E43E63 /* Views */ = {
			isa = PBXGroup;
			children = (
				C430BA602A65A56700642FE0 /* AuthView */,
				C4EB27532A7040BE0064C9FE /* Home */,
				C430BA8E2A6AE3D100642FE0 /* Communities */,
				C4C8CD6C2A6D1BB800064C22 /* Post */,
				C430BA772A6ADADB00642FE0 /* Settings */,
				C4EB27632A704E330064C9FE /* PostDetail */,
			);
			path = Views;
			sourceTree = "<group>";
		};
		C47CE8922A5F11E300E43E63 /* Controllers */ = {
			isa = PBXGroup;
			children = (
				C430BA732A6AD92D00642FE0 /* Auth */,
				C430BA742A6AD94600642FE0 /* MainTabBar */,
				C4EB27502A70407E0064C9FE /* Home */,
				C430BA882A6AE36100642FE0 /* Communities */,
				C4C8CD6A2A6D1B9600064C22 /* Posts */,
				C430BA722A6AD91600642FE0 /* Settings */,
				C4EB275F2A704DB50064C9FE /* PostDetail */,
			);
			path = Controllers;
			sourceTree = "<group>";
		};
		C47CE8932A5F11F000E43E63 /* Coordinators */ = {
			isa = PBXGroup;
			children = (
				C47CE89B2A5F135D00E43E63 /* CoordinatorProtocol */,
				C4EB27882A7189480064C9FE /* NavigationPortocol */,
				C4EB278B2A7195B50064C9FE /* ParentCoordinator */,
				C47CE8952A5F124900E43E63 /* AppCoordinator */,
				C430BA6B2A65A81200642FE0 /* AuthCoordinator */,
				C44AD3BB2A66AB1900ECA9C9 /* MainCoordinator */,
				C4EB27592A7044CC0064C9FE /* HomeCoordinator */,
				C430BA872A6AE2FC00642FE0 /* CommunitiesCoordinator */,
				C46FD8272A6D28A1003DF458 /* PostCoordinator */,
				C4EB276C2A705F8B0064C9FE /* PostDetailCoordinator */,
				C44AD3CE2A66C51B00ECA9C9 /* SettingsCoordinator */,
				C4564DA02A72A9290013A2B4 /* UserConfigurationCoordinator */,
			);
			path = Coordinators;
			sourceTree = "<group>";
		};
		C47CE8942A5F120800E43E63 /* Resource */ = {
			isa = PBXGroup;
			children = (
				C47CE87D2A5F0E2C00E43E63 /* AppDelegate.swift */,
				C47CE8862A5F0E2E00E43E63 /* Assets.xcassets */,
				C47CE8882A5F0E2E00E43E63 /* LaunchScreen.storyboard */,
			);
			path = Resource;
			sourceTree = "<group>";
		};
		C47CE8952A5F124900E43E63 /* AppCoordinator */ = {
			isa = PBXGroup;
			children = (
				C47CE8992A5F130600E43E63 /* AppCoordinator.swift */,
			);
			path = AppCoordinator;
			sourceTree = "<group>";
		};
		C47CE89B2A5F135D00E43E63 /* CoordinatorProtocol */ = {
			isa = PBXGroup;
			children = (
				C47CE8962A5F127A00E43E63 /* CoordinatorProtocol.swift */,
			);
			path = CoordinatorProtocol;
			sourceTree = "<group>";
		};
		C4C8CD672A6D1B0600064C22 /* MyPostsFactory */ = {
			isa = PBXGroup;
			children = (
				C4C8CD682A6D1B5500064C22 /* MyPostsFactory.swift */,
				C46FD82B2A6D2E5C003DF458 /* MyPostsMediator.swift */,
			);
			path = MyPostsFactory;
			sourceTree = "<group>";
		};
		C4C8CD6A2A6D1B9600064C22 /* Posts */ = {
			isa = PBXGroup;
			children = (
				C4C8CD6B2A6D1BA900064C22 /* NewPostViewController */,
				C430BA992A6D0ED700642FE0 /* MyPostsViewController */,
			);
			path = Posts;
			sourceTree = "<group>";
		};
		C4C8CD6B2A6D1BA900064C22 /* NewPostViewController */ = {
			isa = PBXGroup;
			children = (
				C4C8CD722A6D1C9200064C22 /* NewPostViewController.swift */,
			);
			path = NewPostViewController;
			sourceTree = "<group>";
		};
		C4C8CD6C2A6D1BB800064C22 /* Post */ = {
			isa = PBXGroup;
			children = (
				C4C8CD6D2A6D1BC900064C22 /* NewPostView */,
				C430BA9A2A6D0F4E00642FE0 /* MyPostsView */,
			);
			path = Post;
			sourceTree = "<group>";
		};
		C4C8CD6D2A6D1BC900064C22 /* NewPostView */ = {
			isa = PBXGroup;
			children = (
				C4C8CD6E2A6D1BD900064C22 /* NewPostView.swift */,
				C4C8CD702A6D1C1900064C22 /* NewPostView.xib */,
			);
			path = NewPostView;
			sourceTree = "<group>";
		};
		C4CBDD852A65789C001D1F4E /* Factories */ = {
			isa = PBXGroup;
			children = (
				C4CBDD8C2A657C0A001D1F4E /* DI */,
				C4CBDD862A6578C7001D1F4E /* AppFactory */,
				C430BA682A65A6E100642FE0 /* AuthFactory */,
				C44AD3B82A66A9A000ECA9C9 /* MainTabBarFactory */,
				C4EB275C2A70458E0064C9FE /* HomeFactory */,
				C430BA942A6AE57100642FE0 /* CommunitiesFactory */,
				C4C8CD672A6D1B0600064C22 /* MyPostsFactory */,
				C44AD3D12A66C57900ECA9C9 /* SettingsFactory */,
				C4564D932A72A46C0013A2B4 /* UserConfigurationFactoory */,
				C4EB27692A705CA00064C9FE /* PostDetailFactory */,
			);
			path = Factories;
			sourceTree = "<group>";
		};
		C4CBDD862A6578C7001D1F4E /* AppFactory */ = {
			isa = PBXGroup;
			children = (
				C4CBDD872A6578D1001D1F4E /* AppFactory.swift */,
			);
			path = AppFactory;
			sourceTree = "<group>";
		};
		C4CBDD892A657942001D1F4E /* Auth */ = {
			isa = PBXGroup;
			children = (
				C4CBDD8A2A65794E001D1F4E /* Auth.swift */,
			);
			path = Auth;
			sourceTree = "<group>";
		};
		C4CBDD8C2A657C0A001D1F4E /* DI */ = {
			isa = PBXGroup;
			children = (
				C4CBDD8D2A657C27001D1F4E /* AppDIContainer.swift */,
			);
			path = DI;
			sourceTree = "<group>";
		};
		C4EB27502A70407E0064C9FE /* Home */ = {
			isa = PBXGroup;
			children = (
				C4EB27512A70409B0064C9FE /* HomeViewController.swift */,
			);
			path = Home;
			sourceTree = "<group>";
		};
		C4EB27532A7040BE0064C9FE /* Home */ = {
			isa = PBXGroup;
			children = (
				C4EB27542A7040ED0064C9FE /* HomeView */,
			);
			path = Home;
			sourceTree = "<group>";
		};
		C4EB27542A7040ED0064C9FE /* HomeView */ = {
			isa = PBXGroup;
			children = (
				C4EB27552A7040FE0064C9FE /* HomeView.swift */,
				C4EB27572A70419F0064C9FE /* HomeView.xib */,
			);
			path = HomeView;
			sourceTree = "<group>";
		};
		C4EB27592A7044CC0064C9FE /* HomeCoordinator */ = {
			isa = PBXGroup;
			children = (
				C4EB275A2A7045190064C9FE /* HomeCoordinator.swift */,
			);
			path = HomeCoordinator;
			sourceTree = "<group>";
		};
		C4EB275C2A70458E0064C9FE /* HomeFactory */ = {
			isa = PBXGroup;
			children = (
				C4EB275D2A7045B00064C9FE /* HomeFactory.swift */,
			);
			path = HomeFactory;
			sourceTree = "<group>";
		};
		C4EB275F2A704DB50064C9FE /* PostDetail */ = {
			isa = PBXGroup;
			children = (
				C4EB27602A704DD90064C9FE /* PostDetailViewController */,
				C4EB276F2A717E8C0064C9FE /* PostDetailPhotosViewController */,
				C4EB27782A7183F90064C9FE /* MoreDetailViewController */,
				C4EB27812A7186970064C9FE /* PostDetailSourceViewController */,
			);
			path = PostDetail;
			sourceTree = "<group>";
		};
		C4EB27602A704DD90064C9FE /* PostDetailViewController */ = {
			isa = PBXGroup;
			children = (
				C4EB27612A704E0B0064C9FE /* PostDetailViewController.swift */,
			);
			path = PostDetailViewController;
			sourceTree = "<group>";
		};
		C4EB27632A704E330064C9FE /* PostDetail */ = {
			isa = PBXGroup;
			children = (
				C4EB27722A717EFD0064C9FE /* PostDetailView */,
				C4EB27732A717F1F0064C9FE /* PostDetailPhotosView */,
				C4EB277B2A7184690064C9FE /* MoreDetailView */,
				C4EB27802A7186730064C9FE /* PostDetailSourceView */,
			);
			path = PostDetail;
			sourceTree = "<group>";
		};
		C4EB27692A705CA00064C9FE /* PostDetailFactory */ = {
			isa = PBXGroup;
			children = (
				C4EB276A2A705D2E0064C9FE /* PostDetailFactory.swift */,
			);
			path = PostDetailFactory;
			sourceTree = "<group>";
		};
		C4EB276C2A705F8B0064C9FE /* PostDetailCoordinator */ = {
			isa = PBXGroup;
			children = (
				C4EB276D2A705FB00064C9FE /* PostDetailCoordinator.swift */,
			);
			path = PostDetailCoordinator;
			sourceTree = "<group>";
		};
		C4EB276F2A717E8C0064C9FE /* PostDetailPhotosViewController */ = {
			isa = PBXGroup;
			children = (
				C4EB27702A717ED20064C9FE /* PostDetailPhotosViewController.swift */,
			);
			path = PostDetailPhotosViewController;
			sourceTree = "<group>";
		};
		C4EB27722A717EFD0064C9FE /* PostDetailView */ = {
			isa = PBXGroup;
			children = (
				C4EB27652A704E750064C9FE /* PostDetailView.swift */,
				C4EB27672A704F060064C9FE /* PostDetailView.xib */,
			);
			path = PostDetailView;
			sourceTree = "<group>";
		};
		C4EB27732A717F1F0064C9FE /* PostDetailPhotosView */ = {
			isa = PBXGroup;
			children = (
				C4EB27742A717F3E0064C9FE /* PostDetailPhotosView.swift */,
				C4EB27762A7181010064C9FE /* PostDetailPhotosView.xib */,
			);
			path = PostDetailPhotosView;
			sourceTree = "<group>";
		};
		C4EB27782A7183F90064C9FE /* MoreDetailViewController */ = {
			isa = PBXGroup;
			children = (
				C4EB27792A7184340064C9FE /* MoreDetailViewController.swift */,
			);
			path = MoreDetailViewController;
			sourceTree = "<group>";
		};
		C4EB277B2A7184690064C9FE /* MoreDetailView */ = {
			isa = PBXGroup;
			children = (
				C4EB277C2A71848A0064C9FE /* MoreDetailView.swift */,
				C4EB277E2A7184E70064C9FE /* MoreDetailView.xib */,
			);
			path = MoreDetailView;
			sourceTree = "<group>";
		};
		C4EB27802A7186730064C9FE /* PostDetailSourceView */ = {
			isa = PBXGroup;
			children = (
				C4EB27842A7186CD0064C9FE /* PostDetailSourceView.swift */,
				C4EB27862A71870B0064C9FE /* PostDetailSourceView.xib */,
			);
			path = PostDetailSourceView;
			sourceTree = "<group>";
		};
		C4EB27812A7186970064C9FE /* PostDetailSourceViewController */ = {
			isa = PBXGroup;
			children = (
				C4EB27822A7186AF0064C9FE /* PostDetailSourceViewController.swift */,
			);
			path = PostDetailSourceViewController;
			sourceTree = "<group>";
		};
		C4EB27882A7189480064C9FE /* NavigationPortocol */ = {
			isa = PBXGroup;
			children = (
				C4EB27892A71896A0064C9FE /* NavigationPortocol.swift */,
			);
			path = NavigationPortocol;
			sourceTree = "<group>";
		};
		C4EB278B2A7195B50064C9FE /* ParentCoordinator */ = {
			isa = PBXGroup;
			children = (
				C4EB278C2A7195D90064C9FE /* ParentCoordinator.swift */,
			);
			path = ParentCoordinator;
			sourceTree = "<group>";
		};
/* End PBXGroup section */

/* Begin PBXNativeTarget section */
		C47CE8792A5F0E2C00E43E63 /* TabBarCoordinatorExample */ = {
			isa = PBXNativeTarget;
			buildConfigurationList = C47CE88E2A5F0E2E00E43E63 /* Build configuration list for PBXNativeTarget "TabBarCoordinatorExample" */;
			buildPhases = (
				C47CE8762A5F0E2C00E43E63 /* Sources */,
				C47CE8772A5F0E2C00E43E63 /* Frameworks */,
				C47CE8782A5F0E2C00E43E63 /* Resources */,
			);
			buildRules = (
			);
			dependencies = (
			);
			name = TabBarCoordinatorExample;
			productName = TabBarCoordinatorExample;
			productReference = C47CE87A2A5F0E2C00E43E63 /* TabBarCoordinatorExample.app */;
			productType = "com.apple.product-type.application";
		};
/* End PBXNativeTarget section */

/* Begin PBXProject section */
		C47CE8722A5F0E2C00E43E63 /* Project object */ = {
			isa = PBXProject;
			attributes = {
				BuildIndependentTargetsInParallel = 1;
				LastSwiftUpdateCheck = 1430;
				LastUpgradeCheck = 1430;
				TargetAttributes = {
					C47CE8792A5F0E2C00E43E63 = {
						CreatedOnToolsVersion = 14.3.1;
					};
				};
			};
			buildConfigurationList = C47CE8752A5F0E2C00E43E63 /* Build configuration list for PBXProject "TabBarCoordinatorExample" */;
			compatibilityVersion = "Xcode 14.0";
			developmentRegion = en;
			hasScannedForEncodings = 0;
			knownRegions = (
				en,
				Base,
			);
			mainGroup = C47CE8712A5F0E2C00E43E63;
			productRefGroup = C47CE87B2A5F0E2C00E43E63 /* Products */;
			projectDirPath = "";
			projectRoot = "";
			targets = (
				C47CE8792A5F0E2C00E43E63 /* TabBarCoordinatorExample */,
			);
		};
/* End PBXProject section */

/* Begin PBXResourcesBuildPhase section */
		C47CE8782A5F0E2C00E43E63 /* Resources */ = {
			isa = PBXResourcesBuildPhase;
			buildActionMask = 2147483647;
			files = (
				C430BA862A6ADEED00642FE0 /* ThemeView.xib in Resources */,
				C47CE88A2A5F0E2E00E43E63 /* LaunchScreen.storyboard in Resources */,
				C430BA9E2A6D0FC600642FE0 /* MyPostsView.xib in Resources */,
				C4EB277F2A7184E70064C9FE /* MoreDetailView.xib in Resources */,
				C4EB27872A71870B0064C9FE /* PostDetailSourceView.xib in Resources */,
				C44AD3CD2A66BC1F00ECA9C9 /* SettingView.xib in Resources */,
				C4C8CD712A6D1C1900064C22 /* NewPostView.xib in Resources */,
				C430BA932A6AE40C00642FE0 /* CommunitiesView.xib in Resources */,
				C4EB27772A7181010064C9FE /* PostDetailPhotosView.xib in Resources */,
				C4564D9F2A72A7DF0013A2B4 /* AvatarView.xib in Resources */,
				C4564D922A729F140013A2B4 /* UserConfigurationView.xib in Resources */,
				C430BA7D2A6ADB6900642FE0 /* AccountView.xib in Resources */,
				C47CE8872A5F0E2E00E43E63 /* Assets.xcassets in Resources */,
				C4EB27682A704F060064C9FE /* PostDetailView.xib in Resources */,
				C430BA642A65A5BA00642FE0 /* AuthView.xib in Resources */,
				C4EB27582A70419F0064C9FE /* HomeView.xib in Resources */,
			);
			runOnlyForDeploymentPostprocessing = 0;
		};
/* End PBXResourcesBuildPhase section */

/* Begin PBXSourcesBuildPhase section */
		C47CE8762A5F0E2C00E43E63 /* Sources */ = {
			isa = PBXSourcesBuildPhase;
			buildActionMask = 2147483647;
			files = (
				C4EB27662A704E750064C9FE /* PostDetailView.swift in Sources */,
				C4EB27712A717ED20064C9FE /* PostDetailPhotosViewController.swift in Sources */,
				C4CBDD8E2A657C27001D1F4E /* AppDIContainer.swift in Sources */,
				C4564D952A72A4BD0013A2B4 /* UserConfigurationFactory.swift in Sources */,
				C430BA7F2A6ADBB200642FE0 /* AccountViewController.swift in Sources */,
				C4EB278A2A71896A0064C9FE /* NavigationPortocol.swift in Sources */,
				C430BA812A6ADE3A00642FE0 /* ThemeViewController.swift in Sources */,
				C44AD3CB2A66BC0700ECA9C9 /* SettingView.swift in Sources */,
				C4EB277D2A71848A0064C9FE /* MoreDetailView.swift in Sources */,
				C47CE89A2A5F130600E43E63 /* AppCoordinator.swift in Sources */,
				C4C8CD732A6D1C9200064C22 /* NewPostViewController.swift in Sources */,
				C4CBDD882A6578D1001D1F4E /* AppFactory.swift in Sources */,
				C4EB27852A7186CD0064C9FE /* PostDetailSourceView.swift in Sources */,
				C430BA9C2A6D0F8100642FE0 /* MyPostsView.swift in Sources */,
				C44AD3D02A66C55000ECA9C9 /* SettingsCoordinator.swift in Sources */,
				C430BA842A6ADE9A00642FE0 /* ThemeView.swift in Sources */,
				C430BA912A6AE3F000642FE0 /* CommunitiesView.swift in Sources */,
				C4EB27522A70409B0064C9FE /* HomeViewController.swift in Sources */,
				C44AD3C52A66B66700ECA9C9 /* ItemSettingViewModel.swift in Sources */,
				C4EB27562A7040FE0064C9FE /* HomeView.swift in Sources */,
				C430BAA02A6D101700642FE0 /* MyPostsViewController.swift in Sources */,
				C47CE87E2A5F0E2C00E43E63 /* AppDelegate.swift in Sources */,
				C4EB27832A7186AF0064C9FE /* PostDetailSourceViewController.swift in Sources */,
				C44AD3D42A66C5CA00ECA9C9 /* SettingsFactory.swift in Sources */,
				C44AD3C32A66B5C000ECA9C9 /* SettingsNavigation.swift in Sources */,
				C4564D902A729E900013A2B4 /* UserConfigurationView.swift in Sources */,
				C4564D9D2A72A7860013A2B4 /* AvatarView.swift in Sources */,
				C4EB278D2A7195D90064C9FE /* ParentCoordinator.swift in Sources */,
				C430BA6A2A65A70900642FE0 /* AuthFactory.swift in Sources */,
				C44AD3D72A66D20100ECA9C9 /* ItemTabBarFactory.swift in Sources */,
				C4EB276B2A705D2E0064C9FE /* PostDetailFactory.swift in Sources */,
				C44AD3BA2A66A9E400ECA9C9 /* MainTabBarFactory.swift in Sources */,
				C430BA7B2A6ADB2100642FE0 /* AccountView.swift in Sources */,
				C4EB277A2A7184340064C9FE /* MoreDetailViewController.swift in Sources */,
				C47CE8802A5F0E2C00E43E63 /* SceneDelegate.swift in Sources */,
				C4EB275E2A7045B00064C9FE /* HomeFactory.swift in Sources */,
				C46FD8292A6D28DB003DF458 /* PostCoordinator.swift in Sources */,
				C430BA962A6AE5A200642FE0 /* CommunitiesFactory.swift in Sources */,
				C430BA6D2A65A83600642FE0 /* AuthCoordinator.swift in Sources */,
				C430BA982A6AE72C00642FE0 /* CommunitiesCoordinator.swift in Sources */,
				C44AD3B72A66A93800ECA9C9 /* MainTabBarController.swift in Sources */,
				C47CE8972A5F127A00E43E63 /* CoordinatorProtocol.swift in Sources */,
				C430BA712A65A9F700642FE0 /* AuthViewModel.swift in Sources */,
				C46FD82C2A6D2E5C003DF458 /* MyPostsMediator.swift in Sources */,
				C430BA622A65A58500642FE0 /* AuthView.swift in Sources */,
				C4EB276E2A705FB00064C9FE /* PostDetailCoordinator.swift in Sources */,
				C430BA8D2A6AE3B300642FE0 /* CommunitiesViewController.swift in Sources */,
				C4EB27752A717F3E0064C9FE /* PostDetailPhotosView.swift in Sources */,
				C430BA672A65A63700642FE0 /* AuthViewController.swift in Sources */,
				C44AD3BD2A66AB3600ECA9C9 /* MainTabBarCoordinator.swift in Sources */,
				C44AD3C92A66B73F00ECA9C9 /* SettingViewController.swift in Sources */,
				C4CBDD8B2A65794E001D1F4E /* Auth.swift in Sources */,
				C4EB275B2A7045190064C9FE /* HomeCoordinator.swift in Sources */,
				C4C8CD6F2A6D1BDA00064C22 /* NewPostView.swift in Sources */,
				C4C8CD692A6D1B5500064C22 /* MyPostsFactory.swift in Sources */,
				C4564D8C2A729E000013A2B4 /* UserConfigurationViewController.swift in Sources */,
				C4564DA22A72A95A0013A2B4 /* UserConfigurationCoordinator.swift in Sources */,
				C44AD3C72A66B70800ECA9C9 /* SettingsViewModel.swift in Sources */,
				C4EB27622A704E0B0064C9FE /* PostDetailViewController.swift in Sources */,
				C4564D992A72A6D00013A2B4 /* AvatarViewController.swift in Sources */,
			);
			runOnlyForDeploymentPostprocessing = 0;
		};
/* End PBXSourcesBuildPhase section */

/* Begin PBXVariantGroup section */
		C47CE8882A5F0E2E00E43E63 /* LaunchScreen.storyboard */ = {
			isa = PBXVariantGroup;
			children = (
				C47CE8892A5F0E2E00E43E63 /* Base */,
			);
			name = LaunchScreen.storyboard;
			sourceTree = "<group>";
		};
/* End PBXVariantGroup section */

/* Begin XCBuildConfiguration section */
		C47CE88C2A5F0E2E00E43E63 /* Debug */ = {
			isa = XCBuildConfiguration;
			buildSettings = {
				ALWAYS_SEARCH_USER_PATHS = NO;
				CLANG_ANALYZER_NONNULL = YES;
				CLANG_ANALYZER_NUMBER_OBJECT_CONVERSION = YES_AGGRESSIVE;
				CLANG_CXX_LANGUAGE_STANDARD = "gnu++20";
				CLANG_ENABLE_MODULES = YES;
				CLANG_ENABLE_OBJC_ARC = YES;
				CLANG_ENABLE_OBJC_WEAK = YES;
				CLANG_WARN_BLOCK_CAPTURE_AUTORELEASING = YES;
				CLANG_WARN_BOOL_CONVERSION = YES;
				CLANG_WARN_COMMA = YES;
				CLANG_WARN_CONSTANT_CONVERSION = YES;
				CLANG_WARN_DEPRECATED_OBJC_IMPLEMENTATIONS = YES;
				CLANG_WARN_DIRECT_OBJC_ISA_USAGE = YES_ERROR;
				CLANG_WARN_DOCUMENTATION_COMMENTS = YES;
				CLANG_WARN_EMPTY_BODY = YES;
				CLANG_WARN_ENUM_CONVERSION = YES;
				CLANG_WARN_INFINITE_RECURSION = YES;
				CLANG_WARN_INT_CONVERSION = YES;
				CLANG_WARN_NON_LITERAL_NULL_CONVERSION = YES;
				CLANG_WARN_OBJC_IMPLICIT_RETAIN_SELF = YES;
				CLANG_WARN_OBJC_LITERAL_CONVERSION = YES;
				CLANG_WARN_OBJC_ROOT_CLASS = YES_ERROR;
				CLANG_WARN_QUOTED_INCLUDE_IN_FRAMEWORK_HEADER = YES;
				CLANG_WARN_RANGE_LOOP_ANALYSIS = YES;
				CLANG_WARN_STRICT_PROTOTYPES = YES;
				CLANG_WARN_SUSPICIOUS_MOVE = YES;
				CLANG_WARN_UNGUARDED_AVAILABILITY = YES_AGGRESSIVE;
				CLANG_WARN_UNREACHABLE_CODE = YES;
				CLANG_WARN__DUPLICATE_METHOD_MATCH = YES;
				COPY_PHASE_STRIP = NO;
				DEBUG_INFORMATION_FORMAT = dwarf;
				ENABLE_STRICT_OBJC_MSGSEND = YES;
				ENABLE_TESTABILITY = YES;
				GCC_C_LANGUAGE_STANDARD = gnu11;
				GCC_DYNAMIC_NO_PIC = NO;
				GCC_NO_COMMON_BLOCKS = YES;
				GCC_OPTIMIZATION_LEVEL = 0;
				GCC_PREPROCESSOR_DEFINITIONS = (
					"DEBUG=1",
					"$(inherited)",
				);
				GCC_WARN_64_TO_32_BIT_CONVERSION = YES;
				GCC_WARN_ABOUT_RETURN_TYPE = YES_ERROR;
				GCC_WARN_UNDECLARED_SELECTOR = YES;
				GCC_WARN_UNINITIALIZED_AUTOS = YES_AGGRESSIVE;
				GCC_WARN_UNUSED_FUNCTION = YES;
				GCC_WARN_UNUSED_VARIABLE = YES;
				IPHONEOS_DEPLOYMENT_TARGET = 16.4;
				MTL_ENABLE_DEBUG_INFO = INCLUDE_SOURCE;
				MTL_FAST_MATH = YES;
				ONLY_ACTIVE_ARCH = YES;
				SDKROOT = iphoneos;
				SWIFT_ACTIVE_COMPILATION_CONDITIONS = DEBUG;
				SWIFT_OPTIMIZATION_LEVEL = "-Onone";
			};
			name = Debug;
		};
		C47CE88D2A5F0E2E00E43E63 /* Release */ = {
			isa = XCBuildConfiguration;
			buildSettings = {
				ALWAYS_SEARCH_USER_PATHS = NO;
				CLANG_ANALYZER_NONNULL = YES;
				CLANG_ANALYZER_NUMBER_OBJECT_CONVERSION = YES_AGGRESSIVE;
				CLANG_CXX_LANGUAGE_STANDARD = "gnu++20";
				CLANG_ENABLE_MODULES = YES;
				CLANG_ENABLE_OBJC_ARC = YES;
				CLANG_ENABLE_OBJC_WEAK = YES;
				CLANG_WARN_BLOCK_CAPTURE_AUTORELEASING = YES;
				CLANG_WARN_BOOL_CONVERSION = YES;
				CLANG_WARN_COMMA = YES;
				CLANG_WARN_CONSTANT_CONVERSION = YES;
				CLANG_WARN_DEPRECATED_OBJC_IMPLEMENTATIONS = YES;
				CLANG_WARN_DIRECT_OBJC_ISA_USAGE = YES_ERROR;
				CLANG_WARN_DOCUMENTATION_COMMENTS = YES;
				CLANG_WARN_EMPTY_BODY = YES;
				CLANG_WARN_ENUM_CONVERSION = YES;
				CLANG_WARN_INFINITE_RECURSION = YES;
				CLANG_WARN_INT_CONVERSION = YES;
				CLANG_WARN_NON_LITERAL_NULL_CONVERSION = YES;
				CLANG_WARN_OBJC_IMPLICIT_RETAIN_SELF = YES;
				CLANG_WARN_OBJC_LITERAL_CONVERSION = YES;
				CLANG_WARN_OBJC_ROOT_CLASS = YES_ERROR;
				CLANG_WARN_QUOTED_INCLUDE_IN_FRAMEWORK_HEADER = YES;
				CLANG_WARN_RANGE_LOOP_ANALYSIS = YES;
				CLANG_WARN_STRICT_PROTOTYPES = YES;
				CLANG_WARN_SUSPICIOUS_MOVE = YES;
				CLANG_WARN_UNGUARDED_AVAILABILITY = YES_AGGRESSIVE;
				CLANG_WARN_UNREACHABLE_CODE = YES;
				CLANG_WARN__DUPLICATE_METHOD_MATCH = YES;
				COPY_PHASE_STRIP = NO;
				DEBUG_INFORMATION_FORMAT = "dwarf-with-dsym";
				ENABLE_NS_ASSERTIONS = NO;
				ENABLE_STRICT_OBJC_MSGSEND = YES;
				GCC_C_LANGUAGE_STANDARD = gnu11;
				GCC_NO_COMMON_BLOCKS = YES;
				GCC_WARN_64_TO_32_BIT_CONVERSION = YES;
				GCC_WARN_ABOUT_RETURN_TYPE = YES_ERROR;
				GCC_WARN_UNDECLARED_SELECTOR = YES;
				GCC_WARN_UNINITIALIZED_AUTOS = YES_AGGRESSIVE;
				GCC_WARN_UNUSED_FUNCTION = YES;
				GCC_WARN_UNUSED_VARIABLE = YES;
				IPHONEOS_DEPLOYMENT_TARGET = 16.4;
				MTL_ENABLE_DEBUG_INFO = NO;
				MTL_FAST_MATH = YES;
				SDKROOT = iphoneos;
				SWIFT_COMPILATION_MODE = wholemodule;
				SWIFT_OPTIMIZATION_LEVEL = "-O";
				VALIDATE_PRODUCT = YES;
			};
			name = Release;
		};
		C47CE88F2A5F0E2E00E43E63 /* Debug */ = {
			isa = XCBuildConfiguration;
			buildSettings = {
				ASSETCATALOG_COMPILER_APPICON_NAME = AppIcon;
				ASSETCATALOG_COMPILER_GLOBAL_ACCENT_COLOR_NAME = AccentColor;
				CODE_SIGN_STYLE = Automatic;
				CURRENT_PROJECT_VERSION = 1;
				DEVELOPMENT_TEAM = 7FWE3GPY5W;
				GENERATE_INFOPLIST_FILE = YES;
				INFOPLIST_FILE = TabBarCoordinatorExample/Info.plist;
				INFOPLIST_KEY_UIApplicationSupportsIndirectInputEvents = YES;
				INFOPLIST_KEY_UILaunchStoryboardName = LaunchScreen;
				INFOPLIST_KEY_UISupportedInterfaceOrientations_iPad = "UIInterfaceOrientationPortrait UIInterfaceOrientationPortraitUpsideDown UIInterfaceOrientationLandscapeLeft UIInterfaceOrientationLandscapeRight";
				INFOPLIST_KEY_UISupportedInterfaceOrientations_iPhone = "UIInterfaceOrientationPortrait UIInterfaceOrientationLandscapeLeft UIInterfaceOrientationLandscapeRight";
				LD_RUNPATH_SEARCH_PATHS = (
					"$(inherited)",
					"@executable_path/Frameworks",
				);
				MARKETING_VERSION = 1.0;
				PRODUCT_BUNDLE_IDENTIFIER = com.Yaroslav.TabBarCoordinatorExample;
				PRODUCT_NAME = "$(TARGET_NAME)";
				SWIFT_EMIT_LOC_STRINGS = YES;
				SWIFT_VERSION = 5.0;
				TARGETED_DEVICE_FAMILY = "1,2";
			};
			name = Debug;
		};
		C47CE8902A5F0E2E00E43E63 /* Release */ = {
			isa = XCBuildConfiguration;
			buildSettings = {
				ASSETCATALOG_COMPILER_APPICON_NAME = AppIcon;
				ASSETCATALOG_COMPILER_GLOBAL_ACCENT_COLOR_NAME = AccentColor;
				CODE_SIGN_STYLE = Automatic;
				CURRENT_PROJECT_VERSION = 1;
				DEVELOPMENT_TEAM = 7FWE3GPY5W;
				GENERATE_INFOPLIST_FILE = YES;
				INFOPLIST_FILE = TabBarCoordinatorExample/Info.plist;
				INFOPLIST_KEY_UIApplicationSupportsIndirectInputEvents = YES;
				INFOPLIST_KEY_UILaunchStoryboardName = LaunchScreen;
				INFOPLIST_KEY_UISupportedInterfaceOrientations_iPad = "UIInterfaceOrientationPortrait UIInterfaceOrientationPortraitUpsideDown UIInterfaceOrientationLandscapeLeft UIInterfaceOrientationLandscapeRight";
				INFOPLIST_KEY_UISupportedInterfaceOrientations_iPhone = "UIInterfaceOrientationPortrait UIInterfaceOrientationLandscapeLeft UIInterfaceOrientationLandscapeRight";
				LD_RUNPATH_SEARCH_PATHS = (
					"$(inherited)",
					"@executable_path/Frameworks",
				);
				MARKETING_VERSION = 1.0;
				PRODUCT_BUNDLE_IDENTIFIER = com.Yaroslav.TabBarCoordinatorExample;
				PRODUCT_NAME = "$(TARGET_NAME)";
				SWIFT_EMIT_LOC_STRINGS = YES;
				SWIFT_VERSION = 5.0;
				TARGETED_DEVICE_FAMILY = "1,2";
			};
			name = Release;
		};
/* End XCBuildConfiguration section */

/* Begin XCConfigurationList section */
		C47CE8752A5F0E2C00E43E63 /* Build configuration list for PBXProject "TabBarCoordinatorExample" */ = {
			isa = XCConfigurationList;
			buildConfigurations = (
				C47CE88C2A5F0E2E00E43E63 /* Debug */,
				C47CE88D2A5F0E2E00E43E63 /* Release */,
			);
			defaultConfigurationIsVisible = 0;
			defaultConfigurationName = Release;
		};
		C47CE88E2A5F0E2E00E43E63 /* Build configuration list for PBXNativeTarget "TabBarCoordinatorExample" */ = {
			isa = XCConfigurationList;
			buildConfigurations = (
				C47CE88F2A5F0E2E00E43E63 /* Debug */,
				C47CE8902A5F0E2E00E43E63 /* Release */,
			);
			defaultConfigurationIsVisible = 0;
			defaultConfigurationName = Release;
		};
/* End XCConfigurationList section */
	};
	rootObject = C47CE8722A5F0E2C00E43E63 /* Project object */;
}
